
Microsoft Visual Studio Solution File, Format Version 12.00
# Visual Studio 15
Project("{FAE04EC0-301F-11D3-BF4B-00C04F79EFBC}") = "Unity.Timeline", "Unity.Timeline.csproj", "{BD72EEBC-C1A6-7730-E616-D9ACF6C4CFE1}"
EndProject
Project("{FAE04EC0-301F-11D3-BF4B-00C04F79EFBC}") = "Unity.Timeline.Editor", "Unity.Timeline.Editor.csproj", "{F01FB210-B46C-E44A-7D3E-C3D72434A5B5}"
EndProject
Project("{FAE04EC0-301F-11D3-BF4B-00C04F79EFBC}") = "Unity.TextMeshPro.Editor", "Unity.TextMeshPro.Editor.csproj", "{C2E6BE15-8571-21A0-B6B6-3774D8D0CD32}"
EndProject
Project("{FAE04EC0-301F-11D3-BF4B-00C04F79EFBC}") = "Unity.VisualScripting.Flow", "Unity.VisualScripting.Flow.csproj", "{20816840-339A-1290-265D-496E595324A7}"
EndProject
Project("{FAE04EC0-301F-11D3-BF4B-00C04F79EFBC}") = "UnityEditor.UI", "UnityEditor.UI.csproj", "{F73835C2-34C5-261C-FABD-79CC20DC71BE}"
EndProject
Project("{FAE04EC0-301F-11D3-BF4B-00C04F79EFBC}") = "Unity.ProBuilder", "Unity.ProBuilder.csproj", "{64B21AF5-A273-4BD0-0DB1-5752DACF01F2}"
EndProject
Project("{FAE04EC0-301F-11D3-BF4B-00C04F79EFBC}") = "Unity.PlasticSCM.Editor", "Unity.PlasticSCM.Editor.csproj", "{70360346-6BF7-47E8-4709-DB356799EB00}"
EndProject
Project("{FAE04EC0-301F-11D3-BF4B-00C04F79EFBC}") = "Unity.InputSystem", "Unity.InputSystem.csproj", "{114319D4-B512-66A3-1A8D-979AE75E5C38}"
EndProject
Project("{FAE04EC0-301F-11D3-BF4B-00C04F79EFBC}") = "Unity.ProBuilder.Editor", "Unity.ProBuilder.Editor.csproj", "{E5D14108-F136-6A82-EDFC-BFA070C54A76}"
EndProject
Project("{FAE04EC0-301F-11D3-BF4B-00C04F79EFBC}") = "Unity.VisualScripting.Core", "Unity.VisualScripting.Core.csproj", "{F9C819EA-DCDA-E2DA-A43F-D2BC57D9D1B2}"
EndProject
Project("{FAE04EC0-301F-11D3-BF4B-00C04F79EFBC}") = "Cinemachine", "Cinemachine.csproj", "{A951AAC5-0E2A-CF65-2489-8731040621BD}"
EndProject
Project("{FAE04EC0-301F-11D3-BF4B-00C04F79EFBC}") = "Unity.VisualScripting.Core.Editor", "Unity.VisualScripting.Core.Editor.csproj", "{336C944E-075B-D9B8-224D-3E9CDDB38B3D}"
EndProject
Project("{FAE04EC0-301F-11D3-BF4B-00C04F79EFBC}") = "Unity.VisualScripting.Flow.Editor", "Unity.VisualScripting.Flow.Editor.csproj", "{22CB21C2-96F1-463A-12B7-C3F4F3A3C5DE}"
EndProject
Project("{FAE04EC0-301F-11D3-BF4B-00C04F79EFBC}") = "UnityEditor.TestRunner", "UnityEditor.TestRunner.csproj", "{5AC86E7A-26D2-A3A4-A51F-22A33222BA2B}"
EndProject
Project("{FAE04EC0-301F-11D3-BF4B-00C04F79EFBC}") = "Unity.ProBuilder.Poly2Tri", "Unity.ProBuilder.Poly2Tri.csproj", "{0EAC1057-4B3C-7676-8322-BCD8E5AEFBCF}"
EndProject
Project("{FAE04EC0-301F-11D3-BF4B-00C04F79EFBC}") = "Unity.VisualScripting.SettingsProvider.Editor", "Unity.VisualScripting.SettingsProvider.Editor.csproj", "{34FEF7D9-4EF4-B65A-5A27-901BD3078577}"
EndProject
Project("{FAE04EC0-301F-11D3-BF4B-00C04F79EFBC}") = "UnityEngine.TestRunner", "UnityEngine.TestRunner.csproj", "{8F87D509-72CC-17B1-9885-C1A1006904C2}"
EndProject
Project("{FAE04EC0-301F-11D3-BF4B-00C04F79EFBC}") = "UnityEngine.UI", "UnityEngine.UI.csproj", "{D8B847C0-B6D1-E294-0263-B51B882D4780}"
EndProject
Project("{FAE04EC0-301F-11D3-BF4B-00C04F79EFBC}") = "Unity.ProBuilder.Csg", "Unity.ProBuilder.Csg.csproj", "{912C488C-ED4C-93CA-4FE6-0DF94BBED9EE}"
EndProject
Project("{FAE04EC0-301F-11D3-BF4B-00C04F79EFBC}") = "Unity.AI.Navigation.Editor", "Unity.AI.Navigation.Editor.csproj", "{66F329EB-DD3D-BB71-E8B5-5A09368B7100}"
EndProject
Project("{FAE04EC0-301F-11D3-BF4B-00C04F79EFBC}") = "Unity.VisualStudio.Editor", "Unity.VisualStudio.Editor.csproj", "{B06DE5E5-CCEE-36B8-6FC7-F49495ACCE47}"
EndProject
Project("{FAE04EC0-301F-11D3-BF4B-00C04F79EFBC}") = "com.unity.cinemachine.editor", "com.unity.cinemachine.editor.csproj", "{21877994-FA54-30B8-B6E1-F38FC0ACCD4E}"
EndProject
Project("{FAE04EC0-301F-11D3-BF4B-00C04F79EFBC}") = "Unity.TestTools.CodeCoverage.Editor.OpenCover.Model", "Unity.TestTools.CodeCoverage.Editor.OpenCover.Model.csproj", "{FF80EB1E-0EA3-64A5-D4EF-F2D100F291BC}"
EndProject
Project("{FAE04EC0-301F-11D3-BF4B-00C04F79EFBC}") = "Unity.Rider.Editor", "Unity.Rider.Editor.csproj", "{4CD0A54A-7967-3F17-46AA-28549EA37533}"
EndProject
Project("{FAE04EC0-301F-11D3-BF4B-00C04F79EFBC}") = "Unity.Postprocessing.Runtime", "Unity.Postprocessing.Runtime.csproj", "{2BEF4A86-85C7-32EF-3218-D80028E2A5A6}"
EndProject
Project("{FAE04EC0-301F-11D3-BF4B-00C04F79EFBC}") = "Unity.AI.Navigation", "Unity.AI.Navigation.csproj", "{DD5629CB-A3FA-B68B-6371-46C3486AFFBD}"
EndProject
Project("{FAE04EC0-301F-11D3-BF4B-00C04F79EFBC}") = "Unity.AI.Navigation.Editor.ConversionSystem", "Unity.AI.Navigation.Editor.ConversionSystem.csproj", "{62D4C07B-9B6C-71B4-BB12-E090EC0A8CE5}"
EndProject
Project("{FAE04EC0-301F-11D3-BF4B-00C04F79EFBC}") = "Unity.VisualScripting.State.Editor", "Unity.VisualScripting.State.Editor.csproj", "{E2B82AA4-223C-0A34-A0BA-B223D8BD677C}"
EndProject
Project("{FAE04EC0-301F-11D3-BF4B-00C04F79EFBC}") = "Unity.TestTools.CodeCoverage.Editor", "Unity.TestTools.CodeCoverage.Editor.csproj", "{039E1C6F-BF73-E41F-D71E-71FF99E95B12}"
EndProject
Project("{FAE04EC0-301F-11D3-BF4B-00C04F79EFBC}") = "Unity.Postprocessing.Editor", "Unity.Postprocessing.Editor.csproj", "{05338514-0FFC-15CC-2D52-555366B624E6}"
EndProject
Project("{FAE04EC0-301F-11D3-BF4B-00C04F79EFBC}") = "Unity.VisualScripting.State", "Unity.VisualScripting.State.csproj", "{54839133-511D-1ED4-6FB9-1A418430CA64}"
EndProject
Project("{FAE04EC0-301F-11D3-BF4B-00C04F79EFBC}") = "Unity.TextMeshPro", "Unity.TextMeshPro.csproj", "{A6C3B4FA-DE83-B771-9FFE-C9AF779D9C7D}"
EndProject
Project("{FAE04EC0-301F-11D3-BF4B-00C04F79EFBC}") = "Unity.Performance.Profile-Analyzer.Editor", "Unity.Performance.Profile-Analyzer.Editor.csproj", "{8636B5A6-8C35-E119-CC59-3BE312D2E728}"
EndProject
Project("{FAE04EC0-301F-11D3-BF4B-00C04F79EFBC}") = "Unity.VSCode.Editor", "Unity.VSCode.Editor.csproj", "{D72E9D49-2AC8-27B3-EEDA-32049D7ED0D2}"
EndProject
Project("{FAE04EC0-301F-11D3-BF4B-00C04F79EFBC}") = "Unity.TestTools.CodeCoverage.Editor.OpenCover.Mono.Reflection", "Unity.TestTools.CodeCoverage.Editor.OpenCover.Mono.Reflection.csproj", "{8F971CA6-C8D4-462B-CCAC-FD2CAB8A4089}"
EndProject
Project("{FAE04EC0-301F-11D3-BF4B-00C04F79EFBC}") = "Unity.AI.Navigation.Updater", "Unity.AI.Navigation.Updater.csproj", "{86B4FE3E-B489-A808-7000-1C9ED816B178}"
EndProject
Project("{FAE04EC0-301F-11D3-BF4B-00C04F79EFBC}") = "Unity.ProBuilder.Stl", "Unity.ProBuilder.Stl.csproj", "{2D6E6981-2D98-6AF4-3488-61DC6CD242F8}"
EndProject
Project("{FAE04EC0-301F-11D3-BF4B-00C04F79EFBC}") = "Unity.Settings.Editor", "Unity.Settings.Editor.csproj", "{0C93B435-87AD-88AC-E400-34C2697F2DA2}"
EndProject
Project("{FAE04EC0-301F-11D3-BF4B-00C04F79EFBC}") = "Unity.ProBuilder.AssetIdRemapUtility", "Unity.ProBuilder.AssetIdRemapUtility.csproj", "{EB3E72A1-BAC0-B960-9185-CBF899957357}"
EndProject
Project("{FAE04EC0-301F-11D3-BF4B-00C04F79EFBC}") = "Unity.ProBuilder.KdTree", "Unity.ProBuilder.KdTree.csproj", "{9080093E-5C1E-1C5C-AE4C-790104C89C42}"
EndProject
Project("{FAE04EC0-301F-11D3-BF4B-00C04F79EFBC}") = "Unity.ProBuilder.AddOns.Editor", "Unity.ProBuilder.AddOns.Editor.csproj", "{5F1BC23D-74C4-7E32-F18E-E93853E3257A}"
EndProject
Project("{FAE04EC0-301F-11D3-BF4B-00C04F79EFBC}") = "Unity.InputSystem.ForUI", "Unity.InputSystem.ForUI.csproj", "{A254F93F-3390-26B8-E8FD-BE86B1F3C508}"
EndProject
Project("{FAE04EC0-301F-11D3-BF4B-00C04F79EFBC}") = "Unity.EditorCoroutines.Editor", "Unity.EditorCoroutines.Editor.csproj", "{5F717915-0537-10D3-41C3-84EF2CE1BE7A}"
EndProject
Project("{FAE04EC0-301F-11D3-BF4B-00C04F79EFBC}") = "Unity.InputSystem.TestFramework", "Unity.InputSystem.TestFramework.csproj", "{6DCEB26A-C3A7-C00E-F65E-998FCA982D39}"
EndProject
Project("{FAE04EC0-301F-11D3-BF4B-00C04F79EFBC}") = "Assembly-CSharp", "Assembly-CSharp.csproj", "{10E52805-6788-F887-8C49-C8B87DB689BD}"
EndProject
Project("{FAE04EC0-301F-11D3-BF4B-00C04F79EFBC}") = "Unity.VisualScripting.Shared.Editor", "Unity.VisualScripting.Shared.Editor.csproj", "{B143574B-8F41-9221-4819-4C30ACC26D36}"
EndProject
Project("{FAE04EC0-301F-11D3-BF4B-00C04F79EFBC}") = "Unity.CollabProxy.Editor", "Unity.CollabProxy.Editor.csproj", "{B902B6C1-E909-E720-74E6-BB2B108FD128}"
EndProject
Project("{FAE04EC0-301F-11D3-BF4B-00C04F79EFBC}") = "Unity.Timeline", "Unity.Timeline.Player.csproj", "{D5CC9F36-C745-9D7B-AAAC-FC05BA0404F8}"
EndProject
Project("{FAE04EC0-301F-11D3-BF4B-00C04F79EFBC}") = "Unity.VisualScripting.Flow", "Unity.VisualScripting.Flow.Player.csproj", "{6B0669A3-C1E9-6DA9-80C4-1917D6E06923}"
EndProject
Project("{FAE04EC0-301F-11D3-BF4B-00C04F79EFBC}") = "Unity.ProBuilder", "Unity.ProBuilder.Player.csproj", "{47C0C244-2AAA-C467-56B8-5222EA2384AE}"
EndProject
Project("{FAE04EC0-301F-11D3-BF4B-00C04F79EFBC}") = "Unity.InputSystem", "Unity.InputSystem.Player.csproj", "{3909146D-A391-11E2-80E1-5E2C27901F48}"
EndProject
Project("{FAE04EC0-301F-11D3-BF4B-00C04F79EFBC}") = "Unity.VisualScripting.Core", "Unity.VisualScripting.Core.Player.csproj", "{C793DE06-4B60-DA4D-6A77-03F9068E4428}"
EndProject
Project("{FAE04EC0-301F-11D3-BF4B-00C04F79EFBC}") = "Cinemachine", "Cinemachine.Player.csproj", "{A04BD093-ABCD-7A6B-3174-196C29539849}"
EndProject
Project("{FAE04EC0-301F-11D3-BF4B-00C04F79EFBC}") = "Unity.ProBuilder.Poly2Tri", "Unity.ProBuilder.Poly2Tri.Player.csproj", "{E7498F14-2146-6900-7D45-A0122578B0DB}"
EndProject
Project("{FAE04EC0-301F-11D3-BF4B-00C04F79EFBC}") = "UnityEngine.TestRunner", "UnityEngine.TestRunner.Player.csproj", "{E34DBB12-08A3-1531-3EC8-C82E90D3F625}"
EndProject
Project("{FAE04EC0-301F-11D3-BF4B-00C04F79EFBC}") = "UnityEngine.UI", "UnityEngine.UI.Player.csproj", "{77CAC63C-8383-ECFD-A4FC-A8DF47A55A4E}"
EndProject
Project("{FAE04EC0-301F-11D3-BF4B-00C04F79EFBC}") = "Unity.ProBuilder.Csg", "Unity.ProBuilder.Csg.Player.csproj", "{904EFFCC-D6FC-1E68-9D74-6A59C007689F}"
EndProject
Project("{FAE04EC0-301F-11D3-BF4B-00C04F79EFBC}") = "Unity.Postprocessing.Runtime", "Unity.Postprocessing.Runtime.Player.csproj", "{5A2BF5B6-A22B-0E09-35FE-4863DD0BF149}"
EndProject
Project("{FAE04EC0-301F-11D3-BF4B-00C04F79EFBC}") = "Unity.AI.Navigation", "Unity.AI.Navigation.Player.csproj", "{21090658-003B-A31E-B98B-C75FC3B3BBBB}"
EndProject
Project("{FAE04EC0-301F-11D3-BF4B-00C04F79EFBC}") = "Unity.VisualScripting.State", "Unity.VisualScripting.State.Player.csproj", "{781E996B-D804-0A86-14EB-B6FD47C4C7A7}"
EndProject
Project("{FAE04EC0-301F-11D3-BF4B-00C04F79EFBC}") = "Unity.TextMeshPro", "Unity.TextMeshPro.Player.csproj", "{50818F8D-D302-1964-70BE-8811D6F72DF7}"
EndProject
Project("{FAE04EC0-301F-11D3-BF4B-00C04F79EFBC}") = "Unity.ProBuilder.Stl", "Unity.ProBuilder.Stl.Player.csproj", "{342C9CF9-D7EC-9D6E-CC55-5EF9A7CDC5DA}"
EndProject
Project("{FAE04EC0-301F-11D3-BF4B-00C04F79EFBC}") = "Unity.ProBuilder.KdTree", "Unity.ProBuilder.KdTree.Player.csproj", "{D59038CD-3E20-E759-718B-CEADCFD1BE74}"
EndProject
Project("{FAE04EC0-301F-11D3-BF4B-00C04F79EFBC}") = "Unity.InputSystem.ForUI", "Unity.InputSystem.ForUI.Player.csproj", "{7C071680-E4FA-678C-73AA-1FDD8236351C}"
EndProject
Project("{FAE04EC0-301F-11D3-BF4B-00C04F79EFBC}") = "Unity.InputSystem.TestFramework", "Unity.InputSystem.TestFramework.Player.csproj", "{B6E7D245-737C-8629-587B-C6E9FE7BAE41}"
EndProject
Project("{FAE04EC0-301F-11D3-BF4B-00C04F79EFBC}") = "Assembly-CSharp", "Assembly-CSharp.Player.csproj", "{C400A9ED-B0D7-5BC5-D164-92B610F43D0E}"
EndProject
Global
	GlobalSection(SolutionConfigurationPlatforms) = preSolution
		Debug|Any CPU = Debug|Any CPU
		Release|Any CPU = Release|Any CPU
	EndGlobalSection
	GlobalSection(ProjectConfigurationPlatforms) = postSolution
		{BD72EEBC-C1A6-7730-E616-D9ACF6C4CFE1}.Debug|Any CPU.ActiveCfg = Debug|Any CPU
		{BD72EEBC-C1A6-7730-E616-D9ACF6C4CFE1}.Debug|Any CPU.Build.0 = Debug|Any CPU
		{BD72EEBC-C1A6-7730-E616-D9ACF6C4CFE1}.Release|Any CPU.ActiveCfg = Release|Any CPU
		{BD72EEBC-C1A6-7730-E616-D9ACF6C4CFE1}.Release|Any CPU.Build.0 = Release|Any CPU
		{F01FB210-B46C-E44A-7D3E-C3D72434A5B5}.Debug|Any CPU.ActiveCfg = Debug|Any CPU
		{F01FB210-B46C-E44A-7D3E-C3D72434A5B5}.Debug|Any CPU.Build.0 = Debug|Any CPU
		{F01FB210-B46C-E44A-7D3E-C3D72434A5B5}.Release|Any CPU.ActiveCfg = Release|Any CPU
		{F01FB210-B46C-E44A-7D3E-C3D72434A5B5}.Release|Any CPU.Build.0 = Release|Any CPU
		{C2E6BE15-8571-21A0-B6B6-3774D8D0CD32}.Debug|Any CPU.ActiveCfg = Debug|Any CPU
		{C2E6BE15-8571-21A0-B6B6-3774D8D0CD32}.Debug|Any CPU.Build.0 = Debug|Any CPU
		{C2E6BE15-8571-21A0-B6B6-3774D8D0CD32}.Release|Any CPU.ActiveCfg = Release|Any CPU
		{C2E6BE15-8571-21A0-B6B6-3774D8D0CD32}.Release|Any CPU.Build.0 = Release|Any CPU
		{20816840-339A-1290-265D-496E595324A7}.Debug|Any CPU.ActiveCfg = Debug|Any CPU
		{20816840-339A-1290-265D-496E595324A7}.Debug|Any CPU.Build.0 = Debug|Any CPU
		{20816840-339A-1290-265D-496E595324A7}.Release|Any CPU.ActiveCfg = Release|Any CPU
		{20816840-339A-1290-265D-496E595324A7}.Release|Any CPU.Build.0 = Release|Any CPU
		{F73835C2-34C5-261C-FABD-79CC20DC71BE}.Debug|Any CPU.ActiveCfg = Debug|Any CPU
		{F73835C2-34C5-261C-FABD-79CC20DC71BE}.Debug|Any CPU.Build.0 = Debug|Any CPU
		{F73835C2-34C5-261C-FABD-79CC20DC71BE}.Release|Any CPU.ActiveCfg = Release|Any CPU
		{F73835C2-34C5-261C-FABD-79CC20DC71BE}.Release|Any CPU.Build.0 = Release|Any CPU
		{64B21AF5-A273-4BD0-0DB1-5752DACF01F2}.Debug|Any CPU.ActiveCfg = Debug|Any CPU
		{64B21AF5-A273-4BD0-0DB1-5752DACF01F2}.Debug|Any CPU.Build.0 = Debug|Any CPU
		{64B21AF5-A273-4BD0-0DB1-5752DACF01F2}.Release|Any CPU.ActiveCfg = Release|Any CPU
		{64B21AF5-A273-4BD0-0DB1-5752DACF01F2}.Release|Any CPU.Build.0 = Release|Any CPU
		{70360346-6BF7-47E8-4709-DB356799EB00}.Debug|Any CPU.ActiveCfg = Debug|Any CPU
		{70360346-6BF7-47E8-4709-DB356799EB00}.Debug|Any CPU.Build.0 = Debug|Any CPU
		{70360346-6BF7-47E8-4709-DB356799EB00}.Release|Any CPU.ActiveCfg = Release|Any CPU
		{70360346-6BF7-47E8-4709-DB356799EB00}.Release|Any CPU.Build.0 = Release|Any CPU
		{114319D4-B512-66A3-1A8D-979AE75E5C38}.Debug|Any CPU.ActiveCfg = Debug|Any CPU
		{114319D4-B512-66A3-1A8D-979AE75E5C38}.Debug|Any CPU.Build.0 = Debug|Any CPU
		{114319D4-B512-66A3-1A8D-979AE75E5C38}.Release|Any CPU.ActiveCfg = Release|Any CPU
		{114319D4-B512-66A3-1A8D-979AE75E5C38}.Release|Any CPU.Build.0 = Release|Any CPU
		{E5D14108-F136-6A82-EDFC-BFA070C54A76}.Debug|Any CPU.ActiveCfg = Debug|Any CPU
		{E5D14108-F136-6A82-EDFC-BFA070C54A76}.Debug|Any CPU.Build.0 = Debug|Any CPU
		{E5D14108-F136-6A82-EDFC-BFA070C54A76}.Release|Any CPU.ActiveCfg = Release|Any CPU
		{E5D14108-F136-6A82-EDFC-BFA070C54A76}.Release|Any CPU.Build.0 = Release|Any CPU
		{F9C819EA-DCDA-E2DA-A43F-D2BC57D9D1B2}.Debug|Any CPU.ActiveCfg = Debug|Any CPU
		{F9C819EA-DCDA-E2DA-A43F-D2BC57D9D1B2}.Debug|Any CPU.Build.0 = Debug|Any CPU
		{F9C819EA-DCDA-E2DA-A43F-D2BC57D9D1B2}.Release|Any CPU.ActiveCfg = Release|Any CPU
		{F9C819EA-DCDA-E2DA-A43F-D2BC57D9D1B2}.Release|Any CPU.Build.0 = Release|Any CPU
		{A951AAC5-0E2A-CF65-2489-8731040621BD}.Debug|Any CPU.ActiveCfg = Debug|Any CPU
		{A951AAC5-0E2A-CF65-2489-8731040621BD}.Debug|Any CPU.Build.0 = Debug|Any CPU
		{A951AAC5-0E2A-CF65-2489-8731040621BD}.Release|Any CPU.ActiveCfg = Release|Any CPU
		{A951AAC5-0E2A-CF65-2489-8731040621BD}.Release|Any CPU.Build.0 = Release|Any CPU
		{336C944E-075B-D9B8-224D-3E9CDDB38B3D}.Debug|Any CPU.ActiveCfg = Debug|Any CPU
		{336C944E-075B-D9B8-224D-3E9CDDB38B3D}.Debug|Any CPU.Build.0 = Debug|Any CPU
		{336C944E-075B-D9B8-224D-3E9CDDB38B3D}.Release|Any CPU.ActiveCfg = Release|Any CPU
		{336C944E-075B-D9B8-224D-3E9CDDB38B3D}.Release|Any CPU.Build.0 = Release|Any CPU
		{22CB21C2-96F1-463A-12B7-C3F4F3A3C5DE}.Debug|Any CPU.ActiveCfg = Debug|Any CPU
		{22CB21C2-96F1-463A-12B7-C3F4F3A3C5DE}.Debug|Any CPU.Build.0 = Debug|Any CPU
		{22CB21C2-96F1-463A-12B7-C3F4F3A3C5DE}.Release|Any CPU.ActiveCfg = Release|Any CPU
		{22CB21C2-96F1-463A-12B7-C3F4F3A3C5DE}.Release|Any CPU.Build.0 = Release|Any CPU
		{5AC86E7A-26D2-A3A4-A51F-22A33222BA2B}.Debug|Any CPU.ActiveCfg = Debug|Any CPU
		{5AC86E7A-26D2-A3A4-A51F-22A33222BA2B}.Debug|Any CPU.Build.0 = Debug|Any CPU
		{5AC86E7A-26D2-A3A4-A51F-22A33222BA2B}.Release|Any CPU.ActiveCfg = Release|Any CPU
		{5AC86E7A-26D2-A3A4-A51F-22A33222BA2B}.Release|Any CPU.Build.0 = Release|Any CPU
		{0EAC1057-4B3C-7676-8322-BCD8E5AEFBCF}.Debug|Any CPU.ActiveCfg = Debug|Any CPU
		{0EAC1057-4B3C-7676-8322-BCD8E5AEFBCF}.Debug|Any CPU.Build.0 = Debug|Any CPU
		{0EAC1057-4B3C-7676-8322-BCD8E5AEFBCF}.Release|Any CPU.ActiveCfg = Release|Any CPU
		{0EAC1057-4B3C-7676-8322-BCD8E5AEFBCF}.Release|Any CPU.Build.0 = Release|Any CPU
		{34FEF7D9-4EF4-B65A-5A27-901BD3078577}.Debug|Any CPU.ActiveCfg = Debug|Any CPU
		{34FEF7D9-4EF4-B65A-5A27-901BD3078577}.Debug|Any CPU.Build.0 = Debug|Any CPU
		{34FEF7D9-4EF4-B65A-5A27-901BD3078577}.Release|Any CPU.ActiveCfg = Release|Any CPU
		{34FEF7D9-4EF4-B65A-5A27-901BD3078577}.Release|Any CPU.Build.0 = Release|Any CPU
		{8F87D509-72CC-17B1-9885-C1A1006904C2}.Debug|Any CPU.ActiveCfg = Debug|Any CPU
		{8F87D509-72CC-17B1-9885-C1A1006904C2}.Debug|Any CPU.Build.0 = Debug|Any CPU
		{8F87D509-72CC-17B1-9885-C1A1006904C2}.Release|Any CPU.ActiveCfg = Release|Any CPU
		{8F87D509-72CC-17B1-9885-C1A1006904C2}.Release|Any CPU.Build.0 = Release|Any CPU
		{D8B847C0-B6D1-E294-0263-B51B882D4780}.Debug|Any CPU.ActiveCfg = Debug|Any CPU
		{D8B847C0-B6D1-E294-0263-B51B882D4780}.Debug|Any CPU.Build.0 = Debug|Any CPU
		{D8B847C0-B6D1-E294-0263-B51B882D4780}.Release|Any CPU.ActiveCfg = Release|Any CPU
		{D8B847C0-B6D1-E294-0263-B51B882D4780}.Release|Any CPU.Build.0 = Release|Any CPU
		{912C488C-ED4C-93CA-4FE6-0DF94BBED9EE}.Debug|Any CPU.ActiveCfg = Debug|Any CPU
		{912C488C-ED4C-93CA-4FE6-0DF94BBED9EE}.Debug|Any CPU.Build.0 = Debug|Any CPU
		{912C488C-ED4C-93CA-4FE6-0DF94BBED9EE}.Release|Any CPU.ActiveCfg = Release|Any CPU
		{912C488C-ED4C-93CA-4FE6-0DF94BBED9EE}.Release|Any CPU.Build.0 = Release|Any CPU
		{66F329EB-DD3D-BB71-E8B5-5A09368B7100}.Debug|Any CPU.ActiveCfg = Debug|Any CPU
		{66F329EB-DD3D-BB71-E8B5-5A09368B7100}.Debug|Any CPU.Build.0 = Debug|Any CPU
		{66F329EB-DD3D-BB71-E8B5-5A09368B7100}.Release|Any CPU.ActiveCfg = Release|Any CPU
		{66F329EB-DD3D-BB71-E8B5-5A09368B7100}.Release|Any CPU.Build.0 = Release|Any CPU
		{B06DE5E5-CCEE-36B8-6FC7-F49495ACCE47}.Debug|Any CPU.ActiveCfg = Debug|Any CPU
		{B06DE5E5-CCEE-36B8-6FC7-F49495ACCE47}.Debug|Any CPU.Build.0 = Debug|Any CPU
		{B06DE5E5-CCEE-36B8-6FC7-F49495ACCE47}.Release|Any CPU.ActiveCfg = Release|Any CPU
		{B06DE5E5-CCEE-36B8-6FC7-F49495ACCE47}.Release|Any CPU.Build.0 = Release|Any CPU
		{21877994-FA54-30B8-B6E1-F38FC0ACCD4E}.Debug|Any CPU.ActiveCfg = Debug|Any CPU
		{21877994-FA54-30B8-B6E1-F38FC0ACCD4E}.Debug|Any CPU.Build.0 = Debug|Any CPU
		{21877994-FA54-30B8-B6E1-F38FC0ACCD4E}.Release|Any CPU.ActiveCfg = Release|Any CPU
		{21877994-FA54-30B8-B6E1-F38FC0ACCD4E}.Release|Any CPU.Build.0 = Release|Any CPU
		{FF80EB1E-0EA3-64A5-D4EF-F2D100F291BC}.Debug|Any CPU.ActiveCfg = Debug|Any CPU
		{FF80EB1E-0EA3-64A5-D4EF-F2D100F291BC}.Debug|Any CPU.Build.0 = Debug|Any CPU
		{FF80EB1E-0EA3-64A5-D4EF-F2D100F291BC}.Release|Any CPU.ActiveCfg = Release|Any CPU
		{FF80EB1E-0EA3-64A5-D4EF-F2D100F291BC}.Release|Any CPU.Build.0 = Release|Any CPU
		{4CD0A54A-7967-3F17-46AA-28549EA37533}.Debug|Any CPU.ActiveCfg = Debug|Any CPU
		{4CD0A54A-7967-3F17-46AA-28549EA37533}.Debug|Any CPU.Build.0 = Debug|Any CPU
		{4CD0A54A-7967-3F17-46AA-28549EA37533}.Release|Any CPU.ActiveCfg = Release|Any CPU
		{4CD0A54A-7967-3F17-46AA-28549EA37533}.Release|Any CPU.Build.0 = Release|Any CPU
		{2BEF4A86-85C7-32EF-3218-D80028E2A5A6}.Debug|Any CPU.ActiveCfg = Debug|Any CPU
		{2BEF4A86-85C7-32EF-3218-D80028E2A5A6}.Debug|Any CPU.Build.0 = Debug|Any CPU
		{2BEF4A86-85C7-32EF-3218-D80028E2A5A6}.Release|Any CPU.ActiveCfg = Release|Any CPU
		{2BEF4A86-85C7-32EF-3218-D80028E2A5A6}.Release|Any CPU.Build.0 = Release|Any CPU
		{DD5629CB-A3FA-B68B-6371-46C3486AFFBD}.Debug|Any CPU.ActiveCfg = Debug|Any CPU
		{DD5629CB-A3FA-B68B-6371-46C3486AFFBD}.Debug|Any CPU.Build.0 = Debug|Any CPU
		{DD5629CB-A3FA-B68B-6371-46C3486AFFBD}.Release|Any CPU.ActiveCfg = Release|Any CPU
		{DD5629CB-A3FA-B68B-6371-46C3486AFFBD}.Release|Any CPU.Build.0 = Release|Any CPU
		{62D4C07B-9B6C-71B4-BB12-E090EC0A8CE5}.Debug|Any CPU.ActiveCfg = Debug|Any CPU
		{62D4C07B-9B6C-71B4-BB12-E090EC0A8CE5}.Debug|Any CPU.Build.0 = Debug|Any CPU
		{62D4C07B-9B6C-71B4-BB12-E090EC0A8CE5}.Release|Any CPU.ActiveCfg = Release|Any CPU
		{62D4C07B-9B6C-71B4-BB12-E090EC0A8CE5}.Release|Any CPU.Build.0 = Release|Any CPU
		{E2B82AA4-223C-0A34-A0BA-B223D8BD677C}.Debug|Any CPU.ActiveCfg = Debug|Any CPU
		{E2B82AA4-223C-0A34-A0BA-B223D8BD677C}.Debug|Any CPU.Build.0 = Debug|Any CPU
		{E2B82AA4-223C-0A34-A0BA-B223D8BD677C}.Release|Any CPU.ActiveCfg = Release|Any CPU
		{E2B82AA4-223C-0A34-A0BA-B223D8BD677C}.Release|Any CPU.Build.0 = Release|Any CPU
		{039E1C6F-BF73-E41F-D71E-71FF99E95B12}.Debug|Any CPU.ActiveCfg = Debug|Any CPU
		{039E1C6F-BF73-E41F-D71E-71FF99E95B12}.Debug|Any CPU.Build.0 = Debug|Any CPU
		{039E1C6F-BF73-E41F-D71E-71FF99E95B12}.Release|Any CPU.ActiveCfg = Release|Any CPU
		{039E1C6F-BF73-E41F-D71E-71FF99E95B12}.Release|Any CPU.Build.0 = Release|Any CPU
		{05338514-0FFC-15CC-2D52-555366B624E6}.Debug|Any CPU.ActiveCfg = Debug|Any CPU
		{05338514-0FFC-15CC-2D52-555366B624E6}.Debug|Any CPU.Build.0 = Debug|Any CPU
		{05338514-0FFC-15CC-2D52-555366B624E6}.Release|Any CPU.ActiveCfg = Release|Any CPU
		{05338514-0FFC-15CC-2D52-555366B624E6}.Release|Any CPU.Build.0 = Release|Any CPU
		{54839133-511D-1ED4-6FB9-1A418430CA64}.Debug|Any CPU.ActiveCfg = Debug|Any CPU
		{54839133-511D-1ED4-6FB9-1A418430CA64}.Debug|Any CPU.Build.0 = Debug|Any CPU
		{54839133-511D-1ED4-6FB9-1A418430CA64}.Release|Any CPU.ActiveCfg = Release|Any CPU
		{54839133-511D-1ED4-6FB9-1A418430CA64}.Release|Any CPU.Build.0 = Release|Any CPU
		{A6C3B4FA-DE83-B771-9FFE-C9AF779D9C7D}.Debug|Any CPU.ActiveCfg = Debug|Any CPU
		{A6C3B4FA-DE83-B771-9FFE-C9AF779D9C7D}.Debug|Any CPU.Build.0 = Debug|Any CPU
		{A6C3B4FA-DE83-B771-9FFE-C9AF779D9C7D}.Release|Any CPU.ActiveCfg = Release|Any CPU
		{A6C3B4FA-DE83-B771-9FFE-C9AF779D9C7D}.Release|Any CPU.Build.0 = Release|Any CPU
		{8636B5A6-8C35-E119-CC59-3BE312D2E728}.Debug|Any CPU.ActiveCfg = Debug|Any CPU
		{8636B5A6-8C35-E119-CC59-3BE312D2E728}.Debug|Any CPU.Build.0 = Debug|Any CPU
		{8636B5A6-8C35-E119-CC59-3BE312D2E728}.Release|Any CPU.ActiveCfg = Release|Any CPU
		{8636B5A6-8C35-E119-CC59-3BE312D2E728}.Release|Any CPU.Build.0 = Release|Any CPU
		{D72E9D49-2AC8-27B3-EEDA-32049D7ED0D2}.Debug|Any CPU.ActiveCfg = Debug|Any CPU
		{D72E9D49-2AC8-27B3-EEDA-32049D7ED0D2}.Debug|Any CPU.Build.0 = Debug|Any CPU
		{D72E9D49-2AC8-27B3-EEDA-32049D7ED0D2}.Release|Any CPU.ActiveCfg = Release|Any CPU
		{D72E9D49-2AC8-27B3-EEDA-32049D7ED0D2}.Release|Any CPU.Build.0 = Release|Any CPU
		{8F971CA6-C8D4-462B-CCAC-FD2CAB8A4089}.Debug|Any CPU.ActiveCfg = Debug|Any CPU
		{8F971CA6-C8D4-462B-CCAC-FD2CAB8A4089}.Debug|Any CPU.Build.0 = Debug|Any CPU
		{8F971CA6-C8D4-462B-CCAC-FD2CAB8A4089}.Release|Any CPU.ActiveCfg = Release|Any CPU
		{8F971CA6-C8D4-462B-CCAC-FD2CAB8A4089}.Release|Any CPU.Build.0 = Release|Any CPU
		{86B4FE3E-B489-A808-7000-1C9ED816B178}.Debug|Any CPU.ActiveCfg = Debug|Any CPU
		{86B4FE3E-B489-A808-7000-1C9ED816B178}.Debug|Any CPU.Build.0 = Debug|Any CPU
		{86B4FE3E-B489-A808-7000-1C9ED816B178}.Release|Any CPU.ActiveCfg = Release|Any CPU
		{86B4FE3E-B489-A808-7000-1C9ED816B178}.Release|Any CPU.Build.0 = Release|Any CPU
		{2D6E6981-2D98-6AF4-3488-61DC6CD242F8}.Debug|Any CPU.ActiveCfg = Debug|Any CPU
		{2D6E6981-2D98-6AF4-3488-61DC6CD242F8}.Debug|Any CPU.Build.0 = Debug|Any CPU
		{2D6E6981-2D98-6AF4-3488-61DC6CD242F8}.Release|Any CPU.ActiveCfg = Release|Any CPU
		{2D6E6981-2D98-6AF4-3488-61DC6CD242F8}.Release|Any CPU.Build.0 = Release|Any CPU
		{0C93B435-87AD-88AC-E400-34C2697F2DA2}.Debug|Any CPU.ActiveCfg = Debug|Any CPU
		{0C93B435-87AD-88AC-E400-34C2697F2DA2}.Debug|Any CPU.Build.0 = Debug|Any CPU
		{0C93B435-87AD-88AC-E400-34C2697F2DA2}.Release|Any CPU.ActiveCfg = Release|Any CPU
		{0C93B435-87AD-88AC-E400-34C2697F2DA2}.Release|Any CPU.Build.0 = Release|Any CPU
		{EB3E72A1-BAC0-B960-9185-CBF899957357}.Debug|Any CPU.ActiveCfg = Debug|Any CPU
		{EB3E72A1-BAC0-B960-9185-CBF899957357}.Debug|Any CPU.Build.0 = Debug|Any CPU
		{EB3E72A1-BAC0-B960-9185-CBF899957357}.Release|Any CPU.ActiveCfg = Release|Any CPU
		{EB3E72A1-BAC0-B960-9185-CBF899957357}.Release|Any CPU.Build.0 = Release|Any CPU
		{9080093E-5C1E-1C5C-AE4C-790104C89C42}.Debug|Any CPU.ActiveCfg = Debug|Any CPU
		{9080093E-5C1E-1C5C-AE4C-790104C89C42}.Debug|Any CPU.Build.0 = Debug|Any CPU
		{9080093E-5C1E-1C5C-AE4C-790104C89C42}.Release|Any CPU.ActiveCfg = Release|Any CPU
		{9080093E-5C1E-1C5C-AE4C-790104C89C42}.Release|Any CPU.Build.0 = Release|Any CPU
		{5F1BC23D-74C4-7E32-F18E-E93853E3257A}.Debug|Any CPU.ActiveCfg = Debug|Any CPU
		{5F1BC23D-74C4-7E32-F18E-E93853E3257A}.Debug|Any CPU.Build.0 = Debug|Any CPU
		{5F1BC23D-74C4-7E32-F18E-E93853E3257A}.Release|Any CPU.ActiveCfg = Release|Any CPU
		{5F1BC23D-74C4-7E32-F18E-E93853E3257A}.Release|Any CPU.Build.0 = Release|Any CPU
		{A254F93F-3390-26B8-E8FD-BE86B1F3C508}.Debug|Any CPU.ActiveCfg = Debug|Any CPU
		{A254F93F-3390-26B8-E8FD-BE86B1F3C508}.Debug|Any CPU.Build.0 = Debug|Any CPU
		{A254F93F-3390-26B8-E8FD-BE86B1F3C508}.Release|Any CPU.ActiveCfg = Release|Any CPU
		{A254F93F-3390-26B8-E8FD-BE86B1F3C508}.Release|Any CPU.Build.0 = Release|Any CPU
		{5F717915-0537-10D3-41C3-84EF2CE1BE7A}.Debug|Any CPU.ActiveCfg = Debug|Any CPU
		{5F717915-0537-10D3-41C3-84EF2CE1BE7A}.Debug|Any CPU.Build.0 = Debug|Any CPU
		{5F717915-0537-10D3-41C3-84EF2CE1BE7A}.Release|Any CPU.ActiveCfg = Release|Any CPU
		{5F717915-0537-10D3-41C3-84EF2CE1BE7A}.Release|Any CPU.Build.0 = Release|Any CPU
		{6DCEB26A-C3A7-C00E-F65E-998FCA982D39}.Debug|Any CPU.ActiveCfg = Debug|Any CPU
		{6DCEB26A-C3A7-C00E-F65E-998FCA982D39}.Debug|Any CPU.Build.0 = Debug|Any CPU
		{6DCEB26A-C3A7-C00E-F65E-998FCA982D39}.Release|Any CPU.ActiveCfg = Release|Any CPU
		{6DCEB26A-C3A7-C00E-F65E-998FCA982D39}.Release|Any CPU.Build.0 = Release|Any CPU
		{10E52805-6788-F887-8C49-C8B87DB689BD}.Debug|Any CPU.ActiveCfg = Debug|Any CPU
		{10E52805-6788-F887-8C49-C8B87DB689BD}.Debug|Any CPU.Build.0 = Debug|Any CPU
		{10E52805-6788-F887-8C49-C8B87DB689BD}.Release|Any CPU.ActiveCfg = Release|Any CPU
		{10E52805-6788-F887-8C49-C8B87DB689BD}.Release|Any CPU.Build.0 = Release|Any CPU
		{B143574B-8F41-9221-4819-4C30ACC26D36}.Debug|Any CPU.ActiveCfg = Debug|Any CPU
		{B143574B-8F41-9221-4819-4C30ACC26D36}.Debug|Any CPU.Build.0 = Debug|Any CPU
		{B143574B-8F41-9221-4819-4C30ACC26D36}.Release|Any CPU.ActiveCfg = Release|Any CPU
		{B143574B-8F41-9221-4819-4C30ACC26D36}.Release|Any CPU.Build.0 = Release|Any CPU
		{B902B6C1-E909-E720-74E6-BB2B108FD128}.Debug|Any CPU.ActiveCfg = Debug|Any CPU
		{B902B6C1-E909-E720-74E6-BB2B108FD128}.Debug|Any CPU.Build.0 = Debug|Any CPU
		{B902B6C1-E909-E720-74E6-BB2B108FD128}.Release|Any CPU.ActiveCfg = Release|Any CPU
		{B902B6C1-E909-E720-74E6-BB2B108FD128}.Release|Any CPU.Build.0 = Release|Any CPU
		{D5CC9F36-C745-9D7B-AAAC-FC05BA0404F8}.Debug|Any CPU.ActiveCfg = Debug|Any CPU
		{D5CC9F36-C745-9D7B-AAAC-FC05BA0404F8}.Debug|Any CPU.Build.0 = Debug|Any CPU
		{D5CC9F36-C745-9D7B-AAAC-FC05BA0404F8}.Release|Any CPU.ActiveCfg = Release|Any CPU
		{D5CC9F36-C745-9D7B-AAAC-FC05BA0404F8}.Release|Any CPU.Build.0 = Release|Any CPU
		{6B0669A3-C1E9-6DA9-80C4-1917D6E06923}.Debug|Any CPU.ActiveCfg = Debug|Any CPU
		{6B0669A3-C1E9-6DA9-80C4-1917D6E06923}.Debug|Any CPU.Build.0 = Debug|Any CPU
		{6B0669A3-C1E9-6DA9-80C4-1917D6E06923}.Release|Any CPU.ActiveCfg = Release|Any CPU
		{6B0669A3-C1E9-6DA9-80C4-1917D6E06923}.Release|Any CPU.Build.0 = Release|Any CPU
		{47C0C244-2AAA-C467-56B8-5222EA2384AE}.Debug|Any CPU.ActiveCfg = Debug|Any CPU
		{47C0C244-2AAA-C467-56B8-5222EA2384AE}.Debug|Any CPU.Build.0 = Debug|Any CPU
		{47C0C244-2AAA-C467-56B8-5222EA2384AE}.Release|Any CPU.ActiveCfg = Release|Any CPU
		{47C0C244-2AAA-C467-56B8-5222EA2384AE}.Release|Any CPU.Build.0 = Release|Any CPU
		{3909146D-A391-11E2-80E1-5E2C27901F48}.Debug|Any CPU.ActiveCfg = Debug|Any CPU
		{3909146D-A391-11E2-80E1-5E2C27901F48}.Debug|Any CPU.Build.0 = Debug|Any CPU
		{3909146D-A391-11E2-80E1-5E2C27901F48}.Release|Any CPU.ActiveCfg = Release|Any CPU
		{3909146D-A391-11E2-80E1-5E2C27901F48}.Release|Any CPU.Build.0 = Release|Any CPU
		{C793DE06-4B60-DA4D-6A77-03F9068E4428}.Debug|Any CPU.ActiveCfg = Debug|Any CPU
		{C793DE06-4B60-DA4D-6A77-03F9068E4428}.Debug|Any CPU.Build.0 = Debug|Any CPU
		{C793DE06-4B60-DA4D-6A77-03F9068E4428}.Release|Any CPU.ActiveCfg = Release|Any CPU
		{C793DE06-4B60-DA4D-6A77-03F9068E4428}.Release|Any CPU.Build.0 = Release|Any CPU
		{A04BD093-ABCD-7A6B-3174-196C29539849}.Debug|Any CPU.ActiveCfg = Debug|Any CPU
		{A04BD093-ABCD-7A6B-3174-196C29539849}.Debug|Any CPU.Build.0 = Debug|Any CPU
		{A04BD093-ABCD-7A6B-3174-196C29539849}.Release|Any CPU.ActiveCfg = Release|Any CPU
		{A04BD093-ABCD-7A6B-3174-196C29539849}.Release|Any CPU.Build.0 = Release|Any CPU
		{E7498F14-2146-6900-7D45-A0122578B0DB}.Debug|Any CPU.ActiveCfg = Debug|Any CPU
		{E7498F14-2146-6900-7D45-A0122578B0DB}.Debug|Any CPU.Build.0 = Debug|Any CPU
		{E7498F14-2146-6900-7D45-A0122578B0DB}.Release|Any CPU.ActiveCfg = Release|Any CPU
		{E7498F14-2146-6900-7D45-A0122578B0DB}.Release|Any CPU.Build.0 = Release|Any CPU
		{E34DBB12-08A3-1531-3EC8-C82E90D3F625}.Debug|Any CPU.ActiveCfg = Debug|Any CPU
		{E34DBB12-08A3-1531-3EC8-C82E90D3F625}.Debug|Any CPU.Build.0 = Debug|Any CPU
		{E34DBB12-08A3-1531-3EC8-C82E90D3F625}.Release|Any CPU.ActiveCfg = Release|Any CPU
		{E34DBB12-08A3-1531-3EC8-C82E90D3F625}.Release|Any CPU.Build.0 = Release|Any CPU
		{77CAC63C-8383-ECFD-A4FC-A8DF47A55A4E}.Debug|Any CPU.ActiveCfg = Debug|Any CPU
		{77CAC63C-8383-ECFD-A4FC-A8DF47A55A4E}.Debug|Any CPU.Build.0 = Debug|Any CPU
		{77CAC63C-8383-ECFD-A4FC-A8DF47A55A4E}.Release|Any CPU.ActiveCfg = Release|Any CPU
		{77CAC63C-8383-ECFD-A4FC-A8DF47A55A4E}.Release|Any CPU.Build.0 = Release|Any CPU
		{904EFFCC-D6FC-1E68-9D74-6A59C007689F}.Debug|Any CPU.ActiveCfg = Debug|Any CPU
		{904EFFCC-D6FC-1E68-9D74-6A59C007689F}.Debug|Any CPU.Build.0 = Debug|Any CPU
		{904EFFCC-D6FC-1E68-9D74-6A59C007689F}.Release|Any CPU.ActiveCfg = Release|Any CPU
		{904EFFCC-D6FC-1E68-9D74-6A59C007689F}.Release|Any CPU.Build.0 = Release|Any CPU
		{5A2BF5B6-A22B-0E09-35FE-4863DD0BF149}.Debug|Any CPU.ActiveCfg = Debug|Any CPU
		{5A2BF5B6-A22B-0E09-35FE-4863DD0BF149}.Debug|Any CPU.Build.0 = Debug|Any CPU
		{5A2BF5B6-A22B-0E09-35FE-4863DD0BF149}.Release|Any CPU.ActiveCfg = Release|Any CPU
		{5A2BF5B6-A22B-0E09-35FE-4863DD0BF149}.Release|Any CPU.Build.0 = Release|Any CPU
		{21090658-003B-A31E-B98B-C75FC3B3BBBB}.Debug|Any CPU.ActiveCfg = Debug|Any CPU
		{21090658-003B-A31E-B98B-C75FC3B3BBBB}.Debug|Any CPU.Build.0 = Debug|Any CPU
		{21090658-003B-A31E-B98B-C75FC3B3BBBB}.Release|Any CPU.ActiveCfg = Release|Any CPU
		{21090658-003B-A31E-B98B-C75FC3B3BBBB}.Release|Any CPU.Build.0 = Release|Any CPU
		{781E996B-D804-0A86-14EB-B6FD47C4C7A7}.Debug|Any CPU.ActiveCfg = Debug|Any CPU
		{781E996B-D804-0A86-14EB-B6FD47C4C7A7}.Debug|Any CPU.Build.0 = Debug|Any CPU
		{781E996B-D804-0A86-14EB-B6FD47C4C7A7}.Release|Any CPU.ActiveCfg = Release|Any CPU
		{781E996B-D804-0A86-14EB-B6FD47C4C7A7}.Release|Any CPU.Build.0 = Release|Any CPU
		{50818F8D-D302-1964-70BE-8811D6F72DF7}.Debug|Any CPU.ActiveCfg = Debug|Any CPU
		{50818F8D-D302-1964-70BE-8811D6F72DF7}.Debug|Any CPU.Build.0 = Debug|Any CPU
		{50818F8D-D302-1964-70BE-8811D6F72DF7}.Release|Any CPU.ActiveCfg = Release|Any CPU
		{50818F8D-D302-1964-70BE-8811D6F72DF7}.Release|Any CPU.Build.0 = Release|Any CPU
		{342C9CF9-D7EC-9D6E-CC55-5EF9A7CDC5DA}.Debug|Any CPU.ActiveCfg = Debug|Any CPU
		{342C9CF9-D7EC-9D6E-CC55-5EF9A7CDC5DA}.Debug|Any CPU.Build.0 = Debug|Any CPU
		{342C9CF9-D7EC-9D6E-CC55-5EF9A7CDC5DA}.Release|Any CPU.ActiveCfg = Release|Any CPU
		{342C9CF9-D7EC-9D6E-CC55-5EF9A7CDC5DA}.Release|Any CPU.Build.0 = Release|Any CPU
		{D59038CD-3E20-E759-718B-CEADCFD1BE74}.Debug|Any CPU.ActiveCfg = Debug|Any CPU
		{D59038CD-3E20-E759-718B-CEADCFD1BE74}.Debug|Any CPU.Build.0 = Debug|Any CPU
		{D59038CD-3E20-E759-718B-CEADCFD1BE74}.Release|Any CPU.ActiveCfg = Release|Any CPU
		{D59038CD-3E20-E759-718B-CEADCFD1BE74}.Release|Any CPU.Build.0 = Release|Any CPU
		{7C071680-E4FA-678C-73AA-1FDD8236351C}.Debug|Any CPU.ActiveCfg = Debug|Any CPU
		{7C071680-E4FA-678C-73AA-1FDD8236351C}.Debug|Any CPU.Build.0 = Debug|Any CPU
		{7C071680-E4FA-678C-73AA-1FDD8236351C}.Release|Any CPU.ActiveCfg = Release|Any CPU
		{7C071680-E4FA-678C-73AA-1FDD8236351C}.Release|Any CPU.Build.0 = Release|Any CPU
		{B6E7D245-737C-8629-587B-C6E9FE7BAE41}.Debug|Any CPU.ActiveCfg = Debug|Any CPU
		{B6E7D245-737C-8629-587B-C6E9FE7BAE41}.Debug|Any CPU.Build.0 = Debug|Any CPU
		{B6E7D245-737C-8629-587B-C6E9FE7BAE41}.Release|Any CPU.ActiveCfg = Release|Any CPU
		{B6E7D245-737C-8629-587B-C6E9FE7BAE41}.Release|Any CPU.Build.0 = Release|Any CPU
		{C400A9ED-B0D7-5BC5-D164-92B610F43D0E}.Debug|Any CPU.ActiveCfg = Debug|Any CPU
		{C400A9ED-B0D7-5BC5-D164-92B610F43D0E}.Debug|Any CPU.Build.0 = Debug|Any CPU
		{C400A9ED-B0D7-5BC5-D164-92B610F43D0E}.Release|Any CPU.ActiveCfg = Release|Any CPU
		{C400A9ED-B0D7-5BC5-D164-92B610F43D0E}.Release|Any CPU.Build.0 = Release|Any CPU
	EndGlobalSection
	GlobalSection(SolutionProperties) = preSolution
		HideSolutionNode = FALSE
	EndGlobalSection
EndGlobal
