
Microsoft Visual Studio Solution File, Format Version 12.00
# Visual Studio 15
Project("{FAE04EC0-301F-11D3-BF4B-00C04F79EFBC}") = "Unity.Timeline", "Unity.Timeline.csproj", "{B2E070E8-9A70-1F74-5104-6DA5A3A420D8}"
EndProject
Project("{FAE04EC0-301F-11D3-BF4B-00C04F79EFBC}") = "Unity.Timeline.Editor", "Unity.Timeline.Editor.csproj", "{032F776B-84C2-073D-CE37-191097565FB5}"
EndProject
Project("{FAE04EC0-301F-11D3-BF4B-00C04F79EFBC}") = "Unity.TextMeshPro.Editor", "Unity.TextMeshPro.Editor.csproj", "{FAC54FF1-E67B-B6C0-3200-AC9A1A6929EA}"
EndProject
Project("{FAE04EC0-301F-11D3-BF4B-00C04F79EFBC}") = "Unity.VisualScripting.Flow", "Unity.VisualScripting.Flow.csproj", "{9A55EA28-6B8C-B48D-4FF4-2E1182F0CDDD}"
EndProject
Project("{FAE04EC0-301F-11D3-BF4B-00C04F79EFBC}") = "UnityEditor.UI", "UnityEditor.UI.csproj", "{79B14775-62A9-0684-C65D-5840F0692581}"
EndProject
Project("{FAE04EC0-301F-11D3-BF4B-00C04F79EFBC}") = "Unity.ProBuilder", "Unity.ProBuilder.csproj", "{020BF3F5-7D92-50F3-9A9B-25A46D77B5E4}"
EndProject
Project("{FAE04EC0-301F-11D3-BF4B-00C04F79EFBC}") = "Unity.PlasticSCM.Editor", "Unity.PlasticSCM.Editor.csproj", "{B5D0E39C-697E-4CD4-DE0B-CC362D93EF0F}"
EndProject
Project("{FAE04EC0-301F-11D3-BF4B-00C04F79EFBC}") = "Unity.InputSystem", "Unity.InputSystem.csproj", "{D1AA337B-91C2-4A51-BEC1-EF7AEAB70230}"
EndProject
Project("{FAE04EC0-301F-11D3-BF4B-00C04F79EFBC}") = "Unity.ProBuilder.Editor", "Unity.ProBuilder.Editor.csproj", "{AEF022AA-3559-8A46-F5B9-B03D10635585}"
EndProject
Project("{FAE04EC0-301F-11D3-BF4B-00C04F79EFBC}") = "Unity.VisualScripting.Core", "Unity.VisualScripting.Core.csproj", "{4430C8D0-E9F9-DAA9-352F-780E808CF165}"
EndProject
Project("{FAE04EC0-301F-11D3-BF4B-00C04F79EFBC}") = "Cinemachine", "Cinemachine.csproj", "{07688293-FD95-524E-3F4D-398496E08CCA}"
EndProject
Project("{FAE04EC0-301F-11D3-BF4B-00C04F79EFBC}") = "Unity.VisualScripting.Core.Editor", "Unity.VisualScripting.Core.Editor.csproj", "{643716C9-40C8-89F9-E104-A3376EB2EE26}"
EndProject
Project("{FAE04EC0-301F-11D3-BF4B-00C04F79EFBC}") = "Unity.VisualScripting.Flow.Editor", "Unity.VisualScripting.Flow.Editor.csproj", "{CC6F4ACC-37B2-D464-90AA-8DA3FFF1B372}"
EndProject
Project("{FAE04EC0-301F-11D3-BF4B-00C04F79EFBC}") = "UnityEditor.TestRunner", "UnityEditor.TestRunner.csproj", "{F2DD45E3-3C26-D442-D2C5-F2481213B2D0}"
EndProject
Project("{FAE04EC0-301F-11D3-BF4B-00C04F79EFBC}") = "Unity.ProBuilder.Poly2Tri", "Unity.ProBuilder.Poly2Tri.csproj", "{225FCC32-17B0-9912-EAC5-C9FE5F85B77C}"
EndProject
Project("{FAE04EC0-301F-11D3-BF4B-00C04F79EFBC}") = "Unity.VisualScripting.SettingsProvider.Editor", "Unity.VisualScripting.SettingsProvider.Editor.csproj", "{8A34AE02-90BA-F8E5-923E-2F1C0CF5278B}"
EndProject
Project("{FAE04EC0-301F-11D3-BF4B-00C04F79EFBC}") = "UnityEngine.TestRunner", "UnityEngine.TestRunner.csproj", "{768E8B94-61F4-E967-8CB8-792AD4D858FF}"
EndProject
Project("{FAE04EC0-301F-11D3-BF4B-00C04F79EFBC}") = "UnityEngine.UI", "UnityEngine.UI.csproj", "{C70879B3-C23C-32A3-8416-F525AA197E73}"
EndProject
Project("{FAE04EC0-301F-11D3-BF4B-00C04F79EFBC}") = "Unity.ProBuilder.Csg", "Unity.ProBuilder.Csg.csproj", "{50BBE110-AFB1-B009-D395-973D756481AB}"
EndProject
Project("{FAE04EC0-301F-11D3-BF4B-00C04F79EFBC}") = "Unity.AI.Navigation.Editor", "Unity.AI.Navigation.Editor.csproj", "{ECC220C4-C354-FF6C-215E-E6E0CA4AABE3}"
EndProject
Project("{FAE04EC0-301F-11D3-BF4B-00C04F79EFBC}") = "Unity.VisualStudio.Editor", "Unity.VisualStudio.Editor.csproj", "{206717C7-A197-4233-A8F5-3AA8C7BF94AA}"
EndProject
Project("{FAE04EC0-301F-11D3-BF4B-00C04F79EFBC}") = "com.unity.cinemachine.editor", "com.unity.cinemachine.editor.csproj", "{B953C16B-FE74-B292-820D-30A5B1B48C75}"
EndProject
Project("{FAE04EC0-301F-11D3-BF4B-00C04F79EFBC}") = "Unity.TestTools.CodeCoverage.Editor.OpenCover.Model", "Unity.TestTools.CodeCoverage.Editor.OpenCover.Model.csproj", "{CD954D58-A5AF-4FAA-08ED-8E4FF87C9AEB}"
EndProject
Project("{FAE04EC0-301F-11D3-BF4B-00C04F79EFBC}") = "Unity.Rider.Editor", "Unity.Rider.Editor.csproj", "{A2387A1C-C9CE-B089-2457-ECEB58AAA251}"
EndProject
Project("{FAE04EC0-301F-11D3-BF4B-00C04F79EFBC}") = "Unity.Postprocessing.Runtime", "Unity.Postprocessing.Runtime.csproj", "{CA143AA4-2E05-2C8A-4A7B-0E092A7C5F2E}"
EndProject
Project("{FAE04EC0-301F-11D3-BF4B-00C04F79EFBC}") = "Unity.AI.Navigation", "Unity.AI.Navigation.csproj", "{7B426E1C-29A1-CFBD-8BA1-1ED4BF05DEC1}"
EndProject
Project("{FAE04EC0-301F-11D3-BF4B-00C04F79EFBC}") = "Unity.AI.Navigation.Editor.ConversionSystem", "Unity.AI.Navigation.Editor.ConversionSystem.csproj", "{5A59F203-5787-A45F-9393-D706EA82D90D}"
EndProject
Project("{FAE04EC0-301F-11D3-BF4B-00C04F79EFBC}") = "Unity.VisualScripting.State.Editor", "Unity.VisualScripting.State.Editor.csproj", "{FED25325-E2EC-FED0-6C36-D2F845D5CAD6}"
EndProject
Project("{FAE04EC0-301F-11D3-BF4B-00C04F79EFBC}") = "Unity.TestTools.CodeCoverage.Editor", "Unity.TestTools.CodeCoverage.Editor.csproj", "{5E5C08A0-101F-5CBC-B461-05C6664E623C}"
EndProject
Project("{FAE04EC0-301F-11D3-BF4B-00C04F79EFBC}") = "Unity.Postprocessing.Editor", "Unity.Postprocessing.Editor.csproj", "{C258D322-52AA-5F27-9331-32AC1F038D58}"
EndProject
Project("{FAE04EC0-301F-11D3-BF4B-00C04F79EFBC}") = "Unity.VisualScripting.State", "Unity.VisualScripting.State.csproj", "{750E51A0-0CC4-7B92-367D-E10A890F3E8A}"
EndProject
Project("{FAE04EC0-301F-11D3-BF4B-00C04F79EFBC}") = "Assembly-CSharp", "Assembly-CSharp.csproj", "{F56AC09B-F083-3F34-AA01-0920DEFE39C2}"
EndProject
Project("{FAE04EC0-301F-11D3-BF4B-00C04F79EFBC}") = "Unity.TextMeshPro", "Unity.TextMeshPro.csproj", "{92694260-4E14-B616-3120-2EC7C0F51650}"
EndProject
Project("{FAE04EC0-301F-11D3-BF4B-00C04F79EFBC}") = "Unity.Performance.Profile-Analyzer.Editor", "Unity.Performance.Profile-Analyzer.Editor.csproj", "{2F4B2502-4E7A-FB96-1DA6-EAD05D43895F}"
EndProject
Project("{FAE04EC0-301F-11D3-BF4B-00C04F79EFBC}") = "Unity.VSCode.Editor", "Unity.VSCode.Editor.csproj", "{4B15F8A0-C643-3AB9-C857-927ADBC6D507}"
EndProject
Project("{FAE04EC0-301F-11D3-BF4B-00C04F79EFBC}") = "Unity.TestTools.CodeCoverage.Editor.OpenCover.Mono.Reflection", "Unity.TestTools.CodeCoverage.Editor.OpenCover.Mono.Reflection.csproj", "{89F43ECD-A627-9B74-4778-052F9C061999}"
EndProject
Project("{FAE04EC0-301F-11D3-BF4B-00C04F79EFBC}") = "Unity.AI.Navigation.Updater", "Unity.AI.Navigation.Updater.csproj", "{12833633-FAB1-9F73-6455-2B55506B9946}"
EndProject
Project("{FAE04EC0-301F-11D3-BF4B-00C04F79EFBC}") = "Unity.ProBuilder.Stl", "Unity.ProBuilder.Stl.csproj", "{3F4AE5A5-58B9-1D69-AF1B-04A5C9273AA5}"
EndProject
Project("{FAE04EC0-301F-11D3-BF4B-00C04F79EFBC}") = "Unity.Settings.Editor", "Unity.Settings.Editor.csproj", "{E11B25FE-FA4D-D262-AE2D-683FFCF92527}"
EndProject
Project("{FAE04EC0-301F-11D3-BF4B-00C04F79EFBC}") = "Unity.ProBuilder.AssetIdRemapUtility", "Unity.ProBuilder.AssetIdRemapUtility.csproj", "{A59192DB-F434-E1FA-EF7D-7DFF5235C596}"
EndProject
Project("{FAE04EC0-301F-11D3-BF4B-00C04F79EFBC}") = "Unity.ProBuilder.KdTree", "Unity.ProBuilder.KdTree.csproj", "{CD280AFB-6776-9287-E0D6-0DD8BB7651D7}"
EndProject
Project("{FAE04EC0-301F-11D3-BF4B-00C04F79EFBC}") = "Unity.ProBuilder.AddOns.Editor", "Unity.ProBuilder.AddOns.Editor.csproj", "{37AE44C0-F7E9-B896-69A3-6E2099392F8E}"
EndProject
Project("{FAE04EC0-301F-11D3-BF4B-00C04F79EFBC}") = "Unity.InputSystem.ForUI", "Unity.InputSystem.ForUI.csproj", "{571FD27E-0CF1-EE65-3B75-0E3B2BD8F523}"
EndProject
Project("{FAE04EC0-301F-11D3-BF4B-00C04F79EFBC}") = "Unity.EditorCoroutines.Editor", "Unity.EditorCoroutines.Editor.csproj", "{95220824-0709-36B6-7DCD-78CBDA76CE61}"
EndProject
Project("{FAE04EC0-301F-11D3-BF4B-00C04F79EFBC}") = "Unity.InputSystem.TestFramework", "Unity.InputSystem.TestFramework.csproj", "{17FDD230-8A47-83EA-58F0-F8CEDB77591B}"
EndProject
Project("{FAE04EC0-301F-11D3-BF4B-00C04F79EFBC}") = "Unity.VisualScripting.Shared.Editor", "Unity.VisualScripting.Shared.Editor.csproj", "{343C33BC-A6C7-F5BA-85E9-8D144BB76977}"
EndProject
Project("{FAE04EC0-301F-11D3-BF4B-00C04F79EFBC}") = "Unity.CollabProxy.Editor", "Unity.CollabProxy.Editor.csproj", "{AE64B687-A8A4-ECD9-FAD4-A4765132B2A5}"
EndProject
Project("{FAE04EC0-301F-11D3-BF4B-00C04F79EFBC}") = "Unity.Timeline", "Unity.Timeline.Player.csproj", "{3CC3DFA3-3B33-51B6-B57F-A18C432833A4}"
EndProject
Project("{FAE04EC0-301F-11D3-BF4B-00C04F79EFBC}") = "Unity.VisualScripting.Flow", "Unity.VisualScripting.Flow.Player.csproj", "{CEE560D3-1F0C-8611-ED24-0DD0592C21FD}"
EndProject
Project("{FAE04EC0-301F-11D3-BF4B-00C04F79EFBC}") = "Unity.ProBuilder", "Unity.ProBuilder.Player.csproj", "{932BCED7-3642-8ACB-A7A2-D6E034C9ED82}"
EndProject
Project("{FAE04EC0-301F-11D3-BF4B-00C04F79EFBC}") = "Unity.InputSystem", "Unity.InputSystem.Player.csproj", "{30AA14A3-ED2F-16DD-21FE-300457A98CB1}"
EndProject
Project("{FAE04EC0-301F-11D3-BF4B-00C04F79EFBC}") = "Unity.VisualScripting.Core", "Unity.VisualScripting.Core.Player.csproj", "{5CA38B82-751E-8E4B-BD38-0B1852894C07}"
EndProject
Project("{FAE04EC0-301F-11D3-BF4B-00C04F79EFBC}") = "Cinemachine", "Cinemachine.Player.csproj", "{CE723FE7-FF77-4F2E-70FF-26730D0CB28E}"
EndProject
Project("{FAE04EC0-301F-11D3-BF4B-00C04F79EFBC}") = "Unity.ProBuilder.Poly2Tri", "Unity.ProBuilder.Poly2Tri.Player.csproj", "{692C51DE-660C-9060-FBFC-26A93E194187}"
EndProject
Project("{FAE04EC0-301F-11D3-BF4B-00C04F79EFBC}") = "UnityEngine.TestRunner", "UnityEngine.TestRunner.Player.csproj", "{DAA4C010-B18C-0193-F4DC-66EA7DBA51EF}"
EndProject
Project("{FAE04EC0-301F-11D3-BF4B-00C04F79EFBC}") = "UnityEngine.UI", "UnityEngine.UI.Player.csproj", "{AF36BBE6-90C7-85C0-C94C-533C3D7227F1}"
EndProject
Project("{FAE04EC0-301F-11D3-BF4B-00C04F79EFBC}") = "Unity.ProBuilder.Csg", "Unity.ProBuilder.Csg.Player.csproj", "{2E08D51E-588E-1FD0-0ED7-92A3EF3FF49D}"
EndProject
Project("{FAE04EC0-301F-11D3-BF4B-00C04F79EFBC}") = "Unity.Postprocessing.Runtime", "Unity.Postprocessing.Runtime.Player.csproj", "{FA5B1BB4-C53A-8CF5-26DF-BD68A9C9AED5}"
EndProject
Project("{FAE04EC0-301F-11D3-BF4B-00C04F79EFBC}") = "Unity.AI.Navigation", "Unity.AI.Navigation.Player.csproj", "{94A7954E-9CB3-BB1F-6864-9F2057B8AD11}"
EndProject
Project("{FAE04EC0-301F-11D3-BF4B-00C04F79EFBC}") = "Unity.VisualScripting.State", "Unity.VisualScripting.State.Player.csproj", "{46DF3708-4390-4E43-50B6-15422994D35B}"
EndProject
Project("{FAE04EC0-301F-11D3-BF4B-00C04F79EFBC}") = "Assembly-CSharp", "Assembly-CSharp.Player.csproj", "{AF4653F5-3EC2-C6F1-7AA7-186FB0AADD93}"
EndProject
Project("{FAE04EC0-301F-11D3-BF4B-00C04F79EFBC}") = "Unity.TextMeshPro", "Unity.TextMeshPro.Player.csproj", "{F71A15F4-23C9-71A1-FA0F-815BC11BCB34}"
EndProject
Project("{FAE04EC0-301F-11D3-BF4B-00C04F79EFBC}") = "Unity.ProBuilder.Stl", "Unity.ProBuilder.Stl.Player.csproj", "{C998F761-2C59-8368-CDB0-190C398D1421}"
EndProject
Project("{FAE04EC0-301F-11D3-BF4B-00C04F79EFBC}") = "Unity.ProBuilder.KdTree", "Unity.ProBuilder.KdTree.Player.csproj", "{A780E607-F8BA-9B2D-87E9-57687632B700}"
EndProject
Project("{FAE04EC0-301F-11D3-BF4B-00C04F79EFBC}") = "Unity.InputSystem.ForUI", "Unity.InputSystem.ForUI.Player.csproj", "{83642F9D-CD37-CB5B-99CC-6A0DFB359B44}"
EndProject
Project("{FAE04EC0-301F-11D3-BF4B-00C04F79EFBC}") = "Unity.InputSystem.TestFramework", "Unity.InputSystem.TestFramework.Player.csproj", "{0B915CCC-4A74-5113-A0D5-BE23C74D6A0F}"
EndProject
Global
	GlobalSection(SolutionConfigurationPlatforms) = preSolution
		Debug|Any CPU = Debug|Any CPU
		Release|Any CPU = Release|Any CPU
	EndGlobalSection
	GlobalSection(ProjectConfigurationPlatforms) = postSolution
		{B2E070E8-9A70-1F74-5104-6DA5A3A420D8}.Debug|Any CPU.ActiveCfg = Debug|Any CPU
		{B2E070E8-9A70-1F74-5104-6DA5A3A420D8}.Debug|Any CPU.Build.0 = Debug|Any CPU
		{B2E070E8-9A70-1F74-5104-6DA5A3A420D8}.Release|Any CPU.ActiveCfg = Release|Any CPU
		{B2E070E8-9A70-1F74-5104-6DA5A3A420D8}.Release|Any CPU.Build.0 = Release|Any CPU
		{032F776B-84C2-073D-CE37-191097565FB5}.Debug|Any CPU.ActiveCfg = Debug|Any CPU
		{032F776B-84C2-073D-CE37-191097565FB5}.Debug|Any CPU.Build.0 = Debug|Any CPU
		{032F776B-84C2-073D-CE37-191097565FB5}.Release|Any CPU.ActiveCfg = Release|Any CPU
		{032F776B-84C2-073D-CE37-191097565FB5}.Release|Any CPU.Build.0 = Release|Any CPU
		{FAC54FF1-E67B-B6C0-3200-AC9A1A6929EA}.Debug|Any CPU.ActiveCfg = Debug|Any CPU
		{FAC54FF1-E67B-B6C0-3200-AC9A1A6929EA}.Debug|Any CPU.Build.0 = Debug|Any CPU
		{FAC54FF1-E67B-B6C0-3200-AC9A1A6929EA}.Release|Any CPU.ActiveCfg = Release|Any CPU
		{FAC54FF1-E67B-B6C0-3200-AC9A1A6929EA}.Release|Any CPU.Build.0 = Release|Any CPU
		{9A55EA28-6B8C-B48D-4FF4-2E1182F0CDDD}.Debug|Any CPU.ActiveCfg = Debug|Any CPU
		{9A55EA28-6B8C-B48D-4FF4-2E1182F0CDDD}.Debug|Any CPU.Build.0 = Debug|Any CPU
		{9A55EA28-6B8C-B48D-4FF4-2E1182F0CDDD}.Release|Any CPU.ActiveCfg = Release|Any CPU
		{9A55EA28-6B8C-B48D-4FF4-2E1182F0CDDD}.Release|Any CPU.Build.0 = Release|Any CPU
		{79B14775-62A9-0684-C65D-5840F0692581}.Debug|Any CPU.ActiveCfg = Debug|Any CPU
		{79B14775-62A9-0684-C65D-5840F0692581}.Debug|Any CPU.Build.0 = Debug|Any CPU
		{79B14775-62A9-0684-C65D-5840F0692581}.Release|Any CPU.ActiveCfg = Release|Any CPU
		{79B14775-62A9-0684-C65D-5840F0692581}.Release|Any CPU.Build.0 = Release|Any CPU
		{020BF3F5-7D92-50F3-9A9B-25A46D77B5E4}.Debug|Any CPU.ActiveCfg = Debug|Any CPU
		{020BF3F5-7D92-50F3-9A9B-25A46D77B5E4}.Debug|Any CPU.Build.0 = Debug|Any CPU
		{020BF3F5-7D92-50F3-9A9B-25A46D77B5E4}.Release|Any CPU.ActiveCfg = Release|Any CPU
		{020BF3F5-7D92-50F3-9A9B-25A46D77B5E4}.Release|Any CPU.Build.0 = Release|Any CPU
		{B5D0E39C-697E-4CD4-DE0B-CC362D93EF0F}.Debug|Any CPU.ActiveCfg = Debug|Any CPU
		{B5D0E39C-697E-4CD4-DE0B-CC362D93EF0F}.Debug|Any CPU.Build.0 = Debug|Any CPU
		{B5D0E39C-697E-4CD4-DE0B-CC362D93EF0F}.Release|Any CPU.ActiveCfg = Release|Any CPU
		{B5D0E39C-697E-4CD4-DE0B-CC362D93EF0F}.Release|Any CPU.Build.0 = Release|Any CPU
		{D1AA337B-91C2-4A51-BEC1-EF7AEAB70230}.Debug|Any CPU.ActiveCfg = Debug|Any CPU
		{D1AA337B-91C2-4A51-BEC1-EF7AEAB70230}.Debug|Any CPU.Build.0 = Debug|Any CPU
		{D1AA337B-91C2-4A51-BEC1-EF7AEAB70230}.Release|Any CPU.ActiveCfg = Release|Any CPU
		{D1AA337B-91C2-4A51-BEC1-EF7AEAB70230}.Release|Any CPU.Build.0 = Release|Any CPU
		{AEF022AA-3559-8A46-F5B9-B03D10635585}.Debug|Any CPU.ActiveCfg = Debug|Any CPU
		{AEF022AA-3559-8A46-F5B9-B03D10635585}.Debug|Any CPU.Build.0 = Debug|Any CPU
		{AEF022AA-3559-8A46-F5B9-B03D10635585}.Release|Any CPU.ActiveCfg = Release|Any CPU
		{AEF022AA-3559-8A46-F5B9-B03D10635585}.Release|Any CPU.Build.0 = Release|Any CPU
		{4430C8D0-E9F9-DAA9-352F-780E808CF165}.Debug|Any CPU.ActiveCfg = Debug|Any CPU
		{4430C8D0-E9F9-DAA9-352F-780E808CF165}.Debug|Any CPU.Build.0 = Debug|Any CPU
		{4430C8D0-E9F9-DAA9-352F-780E808CF165}.Release|Any CPU.ActiveCfg = Release|Any CPU
		{4430C8D0-E9F9-DAA9-352F-780E808CF165}.Release|Any CPU.Build.0 = Release|Any CPU
		{07688293-FD95-524E-3F4D-398496E08CCA}.Debug|Any CPU.ActiveCfg = Debug|Any CPU
		{07688293-FD95-524E-3F4D-398496E08CCA}.Debug|Any CPU.Build.0 = Debug|Any CPU
		{07688293-FD95-524E-3F4D-398496E08CCA}.Release|Any CPU.ActiveCfg = Release|Any CPU
		{07688293-FD95-524E-3F4D-398496E08CCA}.Release|Any CPU.Build.0 = Release|Any CPU
		{643716C9-40C8-89F9-E104-A3376EB2EE26}.Debug|Any CPU.ActiveCfg = Debug|Any CPU
		{643716C9-40C8-89F9-E104-A3376EB2EE26}.Debug|Any CPU.Build.0 = Debug|Any CPU
		{643716C9-40C8-89F9-E104-A3376EB2EE26}.Release|Any CPU.ActiveCfg = Release|Any CPU
		{643716C9-40C8-89F9-E104-A3376EB2EE26}.Release|Any CPU.Build.0 = Release|Any CPU
		{CC6F4ACC-37B2-D464-90AA-8DA3FFF1B372}.Debug|Any CPU.ActiveCfg = Debug|Any CPU
		{CC6F4ACC-37B2-D464-90AA-8DA3FFF1B372}.Debug|Any CPU.Build.0 = Debug|Any CPU
		{CC6F4ACC-37B2-D464-90AA-8DA3FFF1B372}.Release|Any CPU.ActiveCfg = Release|Any CPU
		{CC6F4ACC-37B2-D464-90AA-8DA3FFF1B372}.Release|Any CPU.Build.0 = Release|Any CPU
		{F2DD45E3-3C26-D442-D2C5-F2481213B2D0}.Debug|Any CPU.ActiveCfg = Debug|Any CPU
		{F2DD45E3-3C26-D442-D2C5-F2481213B2D0}.Debug|Any CPU.Build.0 = Debug|Any CPU
		{F2DD45E3-3C26-D442-D2C5-F2481213B2D0}.Release|Any CPU.ActiveCfg = Release|Any CPU
		{F2DD45E3-3C26-D442-D2C5-F2481213B2D0}.Release|Any CPU.Build.0 = Release|Any CPU
		{225FCC32-17B0-9912-EAC5-C9FE5F85B77C}.Debug|Any CPU.ActiveCfg = Debug|Any CPU
		{225FCC32-17B0-9912-EAC5-C9FE5F85B77C}.Debug|Any CPU.Build.0 = Debug|Any CPU
		{225FCC32-17B0-9912-EAC5-C9FE5F85B77C}.Release|Any CPU.ActiveCfg = Release|Any CPU
		{225FCC32-17B0-9912-EAC5-C9FE5F85B77C}.Release|Any CPU.Build.0 = Release|Any CPU
		{8A34AE02-90BA-F8E5-923E-2F1C0CF5278B}.Debug|Any CPU.ActiveCfg = Debug|Any CPU
		{8A34AE02-90BA-F8E5-923E-2F1C0CF5278B}.Debug|Any CPU.Build.0 = Debug|Any CPU
		{8A34AE02-90BA-F8E5-923E-2F1C0CF5278B}.Release|Any CPU.ActiveCfg = Release|Any CPU
		{8A34AE02-90BA-F8E5-923E-2F1C0CF5278B}.Release|Any CPU.Build.0 = Release|Any CPU
		{768E8B94-61F4-E967-8CB8-792AD4D858FF}.Debug|Any CPU.ActiveCfg = Debug|Any CPU
		{768E8B94-61F4-E967-8CB8-792AD4D858FF}.Debug|Any CPU.Build.0 = Debug|Any CPU
		{768E8B94-61F4-E967-8CB8-792AD4D858FF}.Release|Any CPU.ActiveCfg = Release|Any CPU
		{768E8B94-61F4-E967-8CB8-792AD4D858FF}.Release|Any CPU.Build.0 = Release|Any CPU
		{C70879B3-C23C-32A3-8416-F525AA197E73}.Debug|Any CPU.ActiveCfg = Debug|Any CPU
		{C70879B3-C23C-32A3-8416-F525AA197E73}.Debug|Any CPU.Build.0 = Debug|Any CPU
		{C70879B3-C23C-32A3-8416-F525AA197E73}.Release|Any CPU.ActiveCfg = Release|Any CPU
		{C70879B3-C23C-32A3-8416-F525AA197E73}.Release|Any CPU.Build.0 = Release|Any CPU
		{50BBE110-AFB1-B009-D395-973D756481AB}.Debug|Any CPU.ActiveCfg = Debug|Any CPU
		{50BBE110-AFB1-B009-D395-973D756481AB}.Debug|Any CPU.Build.0 = Debug|Any CPU
		{50BBE110-AFB1-B009-D395-973D756481AB}.Release|Any CPU.ActiveCfg = Release|Any CPU
		{50BBE110-AFB1-B009-D395-973D756481AB}.Release|Any CPU.Build.0 = Release|Any CPU
		{ECC220C4-C354-FF6C-215E-E6E0CA4AABE3}.Debug|Any CPU.ActiveCfg = Debug|Any CPU
		{ECC220C4-C354-FF6C-215E-E6E0CA4AABE3}.Debug|Any CPU.Build.0 = Debug|Any CPU
		{ECC220C4-C354-FF6C-215E-E6E0CA4AABE3}.Release|Any CPU.ActiveCfg = Release|Any CPU
		{ECC220C4-C354-FF6C-215E-E6E0CA4AABE3}.Release|Any CPU.Build.0 = Release|Any CPU
		{206717C7-A197-4233-A8F5-3AA8C7BF94AA}.Debug|Any CPU.ActiveCfg = Debug|Any CPU
		{206717C7-A197-4233-A8F5-3AA8C7BF94AA}.Debug|Any CPU.Build.0 = Debug|Any CPU
		{206717C7-A197-4233-A8F5-3AA8C7BF94AA}.Release|Any CPU.ActiveCfg = Release|Any CPU
		{206717C7-A197-4233-A8F5-3AA8C7BF94AA}.Release|Any CPU.Build.0 = Release|Any CPU
		{B953C16B-FE74-B292-820D-30A5B1B48C75}.Debug|Any CPU.ActiveCfg = Debug|Any CPU
		{B953C16B-FE74-B292-820D-30A5B1B48C75}.Debug|Any CPU.Build.0 = Debug|Any CPU
		{B953C16B-FE74-B292-820D-30A5B1B48C75}.Release|Any CPU.ActiveCfg = Release|Any CPU
		{B953C16B-FE74-B292-820D-30A5B1B48C75}.Release|Any CPU.Build.0 = Release|Any CPU
		{CD954D58-A5AF-4FAA-08ED-8E4FF87C9AEB}.Debug|Any CPU.ActiveCfg = Debug|Any CPU
		{CD954D58-A5AF-4FAA-08ED-8E4FF87C9AEB}.Debug|Any CPU.Build.0 = Debug|Any CPU
		{CD954D58-A5AF-4FAA-08ED-8E4FF87C9AEB}.Release|Any CPU.ActiveCfg = Release|Any CPU
		{CD954D58-A5AF-4FAA-08ED-8E4FF87C9AEB}.Release|Any CPU.Build.0 = Release|Any CPU
		{A2387A1C-C9CE-B089-2457-ECEB58AAA251}.Debug|Any CPU.ActiveCfg = Debug|Any CPU
		{A2387A1C-C9CE-B089-2457-ECEB58AAA251}.Debug|Any CPU.Build.0 = Debug|Any CPU
		{A2387A1C-C9CE-B089-2457-ECEB58AAA251}.Release|Any CPU.ActiveCfg = Release|Any CPU
		{A2387A1C-C9CE-B089-2457-ECEB58AAA251}.Release|Any CPU.Build.0 = Release|Any CPU
		{CA143AA4-2E05-2C8A-4A7B-0E092A7C5F2E}.Debug|Any CPU.ActiveCfg = Debug|Any CPU
		{CA143AA4-2E05-2C8A-4A7B-0E092A7C5F2E}.Debug|Any CPU.Build.0 = Debug|Any CPU
		{CA143AA4-2E05-2C8A-4A7B-0E092A7C5F2E}.Release|Any CPU.ActiveCfg = Release|Any CPU
		{CA143AA4-2E05-2C8A-4A7B-0E092A7C5F2E}.Release|Any CPU.Build.0 = Release|Any CPU
		{7B426E1C-29A1-CFBD-8BA1-1ED4BF05DEC1}.Debug|Any CPU.ActiveCfg = Debug|Any CPU
		{7B426E1C-29A1-CFBD-8BA1-1ED4BF05DEC1}.Debug|Any CPU.Build.0 = Debug|Any CPU
		{7B426E1C-29A1-CFBD-8BA1-1ED4BF05DEC1}.Release|Any CPU.ActiveCfg = Release|Any CPU
		{7B426E1C-29A1-CFBD-8BA1-1ED4BF05DEC1}.Release|Any CPU.Build.0 = Release|Any CPU
		{5A59F203-5787-A45F-9393-D706EA82D90D}.Debug|Any CPU.ActiveCfg = Debug|Any CPU
		{5A59F203-5787-A45F-9393-D706EA82D90D}.Debug|Any CPU.Build.0 = Debug|Any CPU
		{5A59F203-5787-A45F-9393-D706EA82D90D}.Release|Any CPU.ActiveCfg = Release|Any CPU
		{5A59F203-5787-A45F-9393-D706EA82D90D}.Release|Any CPU.Build.0 = Release|Any CPU
		{FED25325-E2EC-FED0-6C36-D2F845D5CAD6}.Debug|Any CPU.ActiveCfg = Debug|Any CPU
		{FED25325-E2EC-FED0-6C36-D2F845D5CAD6}.Debug|Any CPU.Build.0 = Debug|Any CPU
		{FED25325-E2EC-FED0-6C36-D2F845D5CAD6}.Release|Any CPU.ActiveCfg = Release|Any CPU
		{FED25325-E2EC-FED0-6C36-D2F845D5CAD6}.Release|Any CPU.Build.0 = Release|Any CPU
		{5E5C08A0-101F-5CBC-B461-05C6664E623C}.Debug|Any CPU.ActiveCfg = Debug|Any CPU
		{5E5C08A0-101F-5CBC-B461-05C6664E623C}.Debug|Any CPU.Build.0 = Debug|Any CPU
		{5E5C08A0-101F-5CBC-B461-05C6664E623C}.Release|Any CPU.ActiveCfg = Release|Any CPU
		{5E5C08A0-101F-5CBC-B461-05C6664E623C}.Release|Any CPU.Build.0 = Release|Any CPU
		{C258D322-52AA-5F27-9331-32AC1F038D58}.Debug|Any CPU.ActiveCfg = Debug|Any CPU
		{C258D322-52AA-5F27-9331-32AC1F038D58}.Debug|Any CPU.Build.0 = Debug|Any CPU
		{C258D322-52AA-5F27-9331-32AC1F038D58}.Release|Any CPU.ActiveCfg = Release|Any CPU
		{C258D322-52AA-5F27-9331-32AC1F038D58}.Release|Any CPU.Build.0 = Release|Any CPU
		{750E51A0-0CC4-7B92-367D-E10A890F3E8A}.Debug|Any CPU.ActiveCfg = Debug|Any CPU
		{750E51A0-0CC4-7B92-367D-E10A890F3E8A}.Debug|Any CPU.Build.0 = Debug|Any CPU
		{750E51A0-0CC4-7B92-367D-E10A890F3E8A}.Release|Any CPU.ActiveCfg = Release|Any CPU
		{750E51A0-0CC4-7B92-367D-E10A890F3E8A}.Release|Any CPU.Build.0 = Release|Any CPU
		{F56AC09B-F083-3F34-AA01-0920DEFE39C2}.Debug|Any CPU.ActiveCfg = Debug|Any CPU
		{F56AC09B-F083-3F34-AA01-0920DEFE39C2}.Debug|Any CPU.Build.0 = Debug|Any CPU
		{F56AC09B-F083-3F34-AA01-0920DEFE39C2}.Release|Any CPU.ActiveCfg = Release|Any CPU
		{F56AC09B-F083-3F34-AA01-0920DEFE39C2}.Release|Any CPU.Build.0 = Release|Any CPU
		{92694260-4E14-B616-3120-2EC7C0F51650}.Debug|Any CPU.ActiveCfg = Debug|Any CPU
		{92694260-4E14-B616-3120-2EC7C0F51650}.Debug|Any CPU.Build.0 = Debug|Any CPU
		{92694260-4E14-B616-3120-2EC7C0F51650}.Release|Any CPU.ActiveCfg = Release|Any CPU
		{92694260-4E14-B616-3120-2EC7C0F51650}.Release|Any CPU.Build.0 = Release|Any CPU
		{2F4B2502-4E7A-FB96-1DA6-EAD05D43895F}.Debug|Any CPU.ActiveCfg = Debug|Any CPU
		{2F4B2502-4E7A-FB96-1DA6-EAD05D43895F}.Debug|Any CPU.Build.0 = Debug|Any CPU
		{2F4B2502-4E7A-FB96-1DA6-EAD05D43895F}.Release|Any CPU.ActiveCfg = Release|Any CPU
		{2F4B2502-4E7A-FB96-1DA6-EAD05D43895F}.Release|Any CPU.Build.0 = Release|Any CPU
		{4B15F8A0-C643-3AB9-C857-927ADBC6D507}.Debug|Any CPU.ActiveCfg = Debug|Any CPU
		{4B15F8A0-C643-3AB9-C857-927ADBC6D507}.Debug|Any CPU.Build.0 = Debug|Any CPU
		{4B15F8A0-C643-3AB9-C857-927ADBC6D507}.Release|Any CPU.ActiveCfg = Release|Any CPU
		{4B15F8A0-C643-3AB9-C857-927ADBC6D507}.Release|Any CPU.Build.0 = Release|Any CPU
		{89F43ECD-A627-9B74-4778-052F9C061999}.Debug|Any CPU.ActiveCfg = Debug|Any CPU
		{89F43ECD-A627-9B74-4778-052F9C061999}.Debug|Any CPU.Build.0 = Debug|Any CPU
		{89F43ECD-A627-9B74-4778-052F9C061999}.Release|Any CPU.ActiveCfg = Release|Any CPU
		{89F43ECD-A627-9B74-4778-052F9C061999}.Release|Any CPU.Build.0 = Release|Any CPU
		{12833633-FAB1-9F73-6455-2B55506B9946}.Debug|Any CPU.ActiveCfg = Debug|Any CPU
		{12833633-FAB1-9F73-6455-2B55506B9946}.Debug|Any CPU.Build.0 = Debug|Any CPU
		{12833633-FAB1-9F73-6455-2B55506B9946}.Release|Any CPU.ActiveCfg = Release|Any CPU
		{12833633-FAB1-9F73-6455-2B55506B9946}.Release|Any CPU.Build.0 = Release|Any CPU
		{3F4AE5A5-58B9-1D69-AF1B-04A5C9273AA5}.Debug|Any CPU.ActiveCfg = Debug|Any CPU
		{3F4AE5A5-58B9-1D69-AF1B-04A5C9273AA5}.Debug|Any CPU.Build.0 = Debug|Any CPU
		{3F4AE5A5-58B9-1D69-AF1B-04A5C9273AA5}.Release|Any CPU.ActiveCfg = Release|Any CPU
		{3F4AE5A5-58B9-1D69-AF1B-04A5C9273AA5}.Release|Any CPU.Build.0 = Release|Any CPU
		{E11B25FE-FA4D-D262-AE2D-683FFCF92527}.Debug|Any CPU.ActiveCfg = Debug|Any CPU
		{E11B25FE-FA4D-D262-AE2D-683FFCF92527}.Debug|Any CPU.Build.0 = Debug|Any CPU
		{E11B25FE-FA4D-D262-AE2D-683FFCF92527}.Release|Any CPU.ActiveCfg = Release|Any CPU
		{E11B25FE-FA4D-D262-AE2D-683FFCF92527}.Release|Any CPU.Build.0 = Release|Any CPU
		{A59192DB-F434-E1FA-EF7D-7DFF5235C596}.Debug|Any CPU.ActiveCfg = Debug|Any CPU
		{A59192DB-F434-E1FA-EF7D-7DFF5235C596}.Debug|Any CPU.Build.0 = Debug|Any CPU
		{A59192DB-F434-E1FA-EF7D-7DFF5235C596}.Release|Any CPU.ActiveCfg = Release|Any CPU
		{A59192DB-F434-E1FA-EF7D-7DFF5235C596}.Release|Any CPU.Build.0 = Release|Any CPU
		{CD280AFB-6776-9287-E0D6-0DD8BB7651D7}.Debug|Any CPU.ActiveCfg = Debug|Any CPU
		{CD280AFB-6776-9287-E0D6-0DD8BB7651D7}.Debug|Any CPU.Build.0 = Debug|Any CPU
		{CD280AFB-6776-9287-E0D6-0DD8BB7651D7}.Release|Any CPU.ActiveCfg = Release|Any CPU
		{CD280AFB-6776-9287-E0D6-0DD8BB7651D7}.Release|Any CPU.Build.0 = Release|Any CPU
		{37AE44C0-F7E9-B896-69A3-6E2099392F8E}.Debug|Any CPU.ActiveCfg = Debug|Any CPU
		{37AE44C0-F7E9-B896-69A3-6E2099392F8E}.Debug|Any CPU.Build.0 = Debug|Any CPU
		{37AE44C0-F7E9-B896-69A3-6E2099392F8E}.Release|Any CPU.ActiveCfg = Release|Any CPU
		{37AE44C0-F7E9-B896-69A3-6E2099392F8E}.Release|Any CPU.Build.0 = Release|Any CPU
		{571FD27E-0CF1-EE65-3B75-0E3B2BD8F523}.Debug|Any CPU.ActiveCfg = Debug|Any CPU
		{571FD27E-0CF1-EE65-3B75-0E3B2BD8F523}.Debug|Any CPU.Build.0 = Debug|Any CPU
		{571FD27E-0CF1-EE65-3B75-0E3B2BD8F523}.Release|Any CPU.ActiveCfg = Release|Any CPU
		{571FD27E-0CF1-EE65-3B75-0E3B2BD8F523}.Release|Any CPU.Build.0 = Release|Any CPU
		{95220824-0709-36B6-7DCD-78CBDA76CE61}.Debug|Any CPU.ActiveCfg = Debug|Any CPU
		{95220824-0709-36B6-7DCD-78CBDA76CE61}.Debug|Any CPU.Build.0 = Debug|Any CPU
		{95220824-0709-36B6-7DCD-78CBDA76CE61}.Release|Any CPU.ActiveCfg = Release|Any CPU
		{95220824-0709-36B6-7DCD-78CBDA76CE61}.Release|Any CPU.Build.0 = Release|Any CPU
		{17FDD230-8A47-83EA-58F0-F8CEDB77591B}.Debug|Any CPU.ActiveCfg = Debug|Any CPU
		{17FDD230-8A47-83EA-58F0-F8CEDB77591B}.Debug|Any CPU.Build.0 = Debug|Any CPU
		{17FDD230-8A47-83EA-58F0-F8CEDB77591B}.Release|Any CPU.ActiveCfg = Release|Any CPU
		{17FDD230-8A47-83EA-58F0-F8CEDB77591B}.Release|Any CPU.Build.0 = Release|Any CPU
		{343C33BC-A6C7-F5BA-85E9-8D144BB76977}.Debug|Any CPU.ActiveCfg = Debug|Any CPU
		{343C33BC-A6C7-F5BA-85E9-8D144BB76977}.Debug|Any CPU.Build.0 = Debug|Any CPU
		{343C33BC-A6C7-F5BA-85E9-8D144BB76977}.Release|Any CPU.ActiveCfg = Release|Any CPU
		{343C33BC-A6C7-F5BA-85E9-8D144BB76977}.Release|Any CPU.Build.0 = Release|Any CPU
		{AE64B687-A8A4-ECD9-FAD4-A4765132B2A5}.Debug|Any CPU.ActiveCfg = Debug|Any CPU
		{AE64B687-A8A4-ECD9-FAD4-A4765132B2A5}.Debug|Any CPU.Build.0 = Debug|Any CPU
		{AE64B687-A8A4-ECD9-FAD4-A4765132B2A5}.Release|Any CPU.ActiveCfg = Release|Any CPU
		{AE64B687-A8A4-ECD9-FAD4-A4765132B2A5}.Release|Any CPU.Build.0 = Release|Any CPU
		{3CC3DFA3-3B33-51B6-B57F-A18C432833A4}.Debug|Any CPU.ActiveCfg = Debug|Any CPU
		{3CC3DFA3-3B33-51B6-B57F-A18C432833A4}.Debug|Any CPU.Build.0 = Debug|Any CPU
		{3CC3DFA3-3B33-51B6-B57F-A18C432833A4}.Release|Any CPU.ActiveCfg = Release|Any CPU
		{3CC3DFA3-3B33-51B6-B57F-A18C432833A4}.Release|Any CPU.Build.0 = Release|Any CPU
		{CEE560D3-1F0C-8611-ED24-0DD0592C21FD}.Debug|Any CPU.ActiveCfg = Debug|Any CPU
		{CEE560D3-1F0C-8611-ED24-0DD0592C21FD}.Debug|Any CPU.Build.0 = Debug|Any CPU
		{CEE560D3-1F0C-8611-ED24-0DD0592C21FD}.Release|Any CPU.ActiveCfg = Release|Any CPU
		{CEE560D3-1F0C-8611-ED24-0DD0592C21FD}.Release|Any CPU.Build.0 = Release|Any CPU
		{932BCED7-3642-8ACB-A7A2-D6E034C9ED82}.Debug|Any CPU.ActiveCfg = Debug|Any CPU
		{932BCED7-3642-8ACB-A7A2-D6E034C9ED82}.Debug|Any CPU.Build.0 = Debug|Any CPU
		{932BCED7-3642-8ACB-A7A2-D6E034C9ED82}.Release|Any CPU.ActiveCfg = Release|Any CPU
		{932BCED7-3642-8ACB-A7A2-D6E034C9ED82}.Release|Any CPU.Build.0 = Release|Any CPU
		{30AA14A3-ED2F-16DD-21FE-300457A98CB1}.Debug|Any CPU.ActiveCfg = Debug|Any CPU
		{30AA14A3-ED2F-16DD-21FE-300457A98CB1}.Debug|Any CPU.Build.0 = Debug|Any CPU
		{30AA14A3-ED2F-16DD-21FE-300457A98CB1}.Release|Any CPU.ActiveCfg = Release|Any CPU
		{30AA14A3-ED2F-16DD-21FE-300457A98CB1}.Release|Any CPU.Build.0 = Release|Any CPU
		{5CA38B82-751E-8E4B-BD38-0B1852894C07}.Debug|Any CPU.ActiveCfg = Debug|Any CPU
		{5CA38B82-751E-8E4B-BD38-0B1852894C07}.Debug|Any CPU.Build.0 = Debug|Any CPU
		{5CA38B82-751E-8E4B-BD38-0B1852894C07}.Release|Any CPU.ActiveCfg = Release|Any CPU
		{5CA38B82-751E-8E4B-BD38-0B1852894C07}.Release|Any CPU.Build.0 = Release|Any CPU
		{CE723FE7-FF77-4F2E-70FF-26730D0CB28E}.Debug|Any CPU.ActiveCfg = Debug|Any CPU
		{CE723FE7-FF77-4F2E-70FF-26730D0CB28E}.Debug|Any CPU.Build.0 = Debug|Any CPU
		{CE723FE7-FF77-4F2E-70FF-26730D0CB28E}.Release|Any CPU.ActiveCfg = Release|Any CPU
		{CE723FE7-FF77-4F2E-70FF-26730D0CB28E}.Release|Any CPU.Build.0 = Release|Any CPU
		{692C51DE-660C-9060-FBFC-26A93E194187}.Debug|Any CPU.ActiveCfg = Debug|Any CPU
		{692C51DE-660C-9060-FBFC-26A93E194187}.Debug|Any CPU.Build.0 = Debug|Any CPU
		{692C51DE-660C-9060-FBFC-26A93E194187}.Release|Any CPU.ActiveCfg = Release|Any CPU
		{692C51DE-660C-9060-FBFC-26A93E194187}.Release|Any CPU.Build.0 = Release|Any CPU
		{DAA4C010-B18C-0193-F4DC-66EA7DBA51EF}.Debug|Any CPU.ActiveCfg = Debug|Any CPU
		{DAA4C010-B18C-0193-F4DC-66EA7DBA51EF}.Debug|Any CPU.Build.0 = Debug|Any CPU
		{DAA4C010-B18C-0193-F4DC-66EA7DBA51EF}.Release|Any CPU.ActiveCfg = Release|Any CPU
		{DAA4C010-B18C-0193-F4DC-66EA7DBA51EF}.Release|Any CPU.Build.0 = Release|Any CPU
		{AF36BBE6-90C7-85C0-C94C-533C3D7227F1}.Debug|Any CPU.ActiveCfg = Debug|Any CPU
		{AF36BBE6-90C7-85C0-C94C-533C3D7227F1}.Debug|Any CPU.Build.0 = Debug|Any CPU
		{AF36BBE6-90C7-85C0-C94C-533C3D7227F1}.Release|Any CPU.ActiveCfg = Release|Any CPU
		{AF36BBE6-90C7-85C0-C94C-533C3D7227F1}.Release|Any CPU.Build.0 = Release|Any CPU
		{2E08D51E-588E-1FD0-0ED7-92A3EF3FF49D}.Debug|Any CPU.ActiveCfg = Debug|Any CPU
		{2E08D51E-588E-1FD0-0ED7-92A3EF3FF49D}.Debug|Any CPU.Build.0 = Debug|Any CPU
		{2E08D51E-588E-1FD0-0ED7-92A3EF3FF49D}.Release|Any CPU.ActiveCfg = Release|Any CPU
		{2E08D51E-588E-1FD0-0ED7-92A3EF3FF49D}.Release|Any CPU.Build.0 = Release|Any CPU
		{FA5B1BB4-C53A-8CF5-26DF-BD68A9C9AED5}.Debug|Any CPU.ActiveCfg = Debug|Any CPU
		{FA5B1BB4-C53A-8CF5-26DF-BD68A9C9AED5}.Debug|Any CPU.Build.0 = Debug|Any CPU
		{FA5B1BB4-C53A-8CF5-26DF-BD68A9C9AED5}.Release|Any CPU.ActiveCfg = Release|Any CPU
		{FA5B1BB4-C53A-8CF5-26DF-BD68A9C9AED5}.Release|Any CPU.Build.0 = Release|Any CPU
		{94A7954E-9CB3-BB1F-6864-9F2057B8AD11}.Debug|Any CPU.ActiveCfg = Debug|Any CPU
		{94A7954E-9CB3-BB1F-6864-9F2057B8AD11}.Debug|Any CPU.Build.0 = Debug|Any CPU
		{94A7954E-9CB3-BB1F-6864-9F2057B8AD11}.Release|Any CPU.ActiveCfg = Release|Any CPU
		{94A7954E-9CB3-BB1F-6864-9F2057B8AD11}.Release|Any CPU.Build.0 = Release|Any CPU
		{46DF3708-4390-4E43-50B6-15422994D35B}.Debug|Any CPU.ActiveCfg = Debug|Any CPU
		{46DF3708-4390-4E43-50B6-15422994D35B}.Debug|Any CPU.Build.0 = Debug|Any CPU
		{46DF3708-4390-4E43-50B6-15422994D35B}.Release|Any CPU.ActiveCfg = Release|Any CPU
		{46DF3708-4390-4E43-50B6-15422994D35B}.Release|Any CPU.Build.0 = Release|Any CPU
		{AF4653F5-3EC2-C6F1-7AA7-186FB0AADD93}.Debug|Any CPU.ActiveCfg = Debug|Any CPU
		{AF4653F5-3EC2-C6F1-7AA7-186FB0AADD93}.Debug|Any CPU.Build.0 = Debug|Any CPU
		{AF4653F5-3EC2-C6F1-7AA7-186FB0AADD93}.Release|Any CPU.ActiveCfg = Release|Any CPU
		{AF4653F5-3EC2-C6F1-7AA7-186FB0AADD93}.Release|Any CPU.Build.0 = Release|Any CPU
		{F71A15F4-23C9-71A1-FA0F-815BC11BCB34}.Debug|Any CPU.ActiveCfg = Debug|Any CPU
		{F71A15F4-23C9-71A1-FA0F-815BC11BCB34}.Debug|Any CPU.Build.0 = Debug|Any CPU
		{F71A15F4-23C9-71A1-FA0F-815BC11BCB34}.Release|Any CPU.ActiveCfg = Release|Any CPU
		{F71A15F4-23C9-71A1-FA0F-815BC11BCB34}.Release|Any CPU.Build.0 = Release|Any CPU
		{C998F761-2C59-8368-CDB0-190C398D1421}.Debug|Any CPU.ActiveCfg = Debug|Any CPU
		{C998F761-2C59-8368-CDB0-190C398D1421}.Debug|Any CPU.Build.0 = Debug|Any CPU
		{C998F761-2C59-8368-CDB0-190C398D1421}.Release|Any CPU.ActiveCfg = Release|Any CPU
		{C998F761-2C59-8368-CDB0-190C398D1421}.Release|Any CPU.Build.0 = Release|Any CPU
		{A780E607-F8BA-9B2D-87E9-57687632B700}.Debug|Any CPU.ActiveCfg = Debug|Any CPU
		{A780E607-F8BA-9B2D-87E9-57687632B700}.Debug|Any CPU.Build.0 = Debug|Any CPU
		{A780E607-F8BA-9B2D-87E9-57687632B700}.Release|Any CPU.ActiveCfg = Release|Any CPU
		{A780E607-F8BA-9B2D-87E9-57687632B700}.Release|Any CPU.Build.0 = Release|Any CPU
		{83642F9D-CD37-CB5B-99CC-6A0DFB359B44}.Debug|Any CPU.ActiveCfg = Debug|Any CPU
		{83642F9D-CD37-CB5B-99CC-6A0DFB359B44}.Debug|Any CPU.Build.0 = Debug|Any CPU
		{83642F9D-CD37-CB5B-99CC-6A0DFB359B44}.Release|Any CPU.ActiveCfg = Release|Any CPU
		{83642F9D-CD37-CB5B-99CC-6A0DFB359B44}.Release|Any CPU.Build.0 = Release|Any CPU
		{0B915CCC-4A74-5113-A0D5-BE23C74D6A0F}.Debug|Any CPU.ActiveCfg = Debug|Any CPU
		{0B915CCC-4A74-5113-A0D5-BE23C74D6A0F}.Debug|Any CPU.Build.0 = Debug|Any CPU
		{0B915CCC-4A74-5113-A0D5-BE23C74D6A0F}.Release|Any CPU.ActiveCfg = Release|Any CPU
		{0B915CCC-4A74-5113-A0D5-BE23C74D6A0F}.Release|Any CPU.Build.0 = Release|Any CPU
	EndGlobalSection
	GlobalSection(SolutionProperties) = preSolution
		HideSolutionNode = FALSE
	EndGlobalSection
EndGlobal
